#MicroXplorer Configuration settings - do not modify
Dma.QUADSPI.0.RequestParameters=Instance,Direction,PeriphInc,MemInc,PeriphDataAlignment,MemDataAlignment,Mode,Priority,FIFOMode
PH0-OSC_IN.Locked=true
PB13.GPIOParameters=GPIO_Label
Dma.SPI3_TX.4.PeriphInc=DMA_PINC_DISABLE
PH0-OSC_IN.Signal=RCC_OSC_IN
USART2.IPParameters=VirtualMode
Dma.SPI1_TX.2.MemInc=DMA_MINC_ENABLE
SPI3.Direction=SPI_DIRECTION_2LINES
SPI3.VirtualType=VM_MASTER
Dma.SPI1_RX.1.FIFOMode=DMA_FIFOMODE_DISABLE
PE11.GPIOParameters=GPIO_Label
QUADSPI.ClockPrescaler=3
SPI1.VirtualType=VM_MASTER
ADC2.SamplingTime-1\#ChannelRegularConversion=ADC_SAMPLETIME_3CYCLES
SPI2.VirtualType=VM_MASTER
PB10.Mode=I2C
Dma.SPI3_TX.4.Mode=DMA_NORMAL
RCC.PLLCLKFreq_Value=168000000
PC12.Signal=I2C2_SDA
PB14.GPIO_Label=SD_CARD_MISO
RCC.PLLQCLKFreq_Value=48000000
PD8.Locked=true
PC3.Locked=true
PA6.GPIO_Label=MPU_MISO
PD0.Locked=true
PB13.Signal=SPI2_SCK
RCC.SAIAFreq_Value=48000000
PA2.GPIOParameters=GPIO_Label
PinOutPanel.RotationAngle=90
RCC.SYSCLKSource=RCC_SYSCLKSOURCE_PLLRCLK
NVIC.SVCall_IRQn=true\:0\:0\:false\:false\:true\:false\:false
Dma.SPI3_RX.3.MemDataAlignment=DMA_MDATAALIGN_BYTE
SPI1.Direction=SPI_DIRECTION_2LINES
PE2.Mode=Single Bank 1
RCC.APB2TimFreq_Value=168000000
PB6.Signal=QUADSPI_BK1_NCS
PB6.Mode=Single Bank 1
SPI1.CalculateBaudRate=42.0 MBits/s
PC3.Signal=GPIO_Output
PD0.Signal=GPIO_Output
PD8.Signal=GPIO_Output
PE10.Locked=true
QUADSPI.FlashSize=31
PE14.Locked=true
Dma.SPI3_TX.4.Instance=DMA1_Stream5
ProjectManager.ProjectBuild=false
Dma.SPI3_RX.3.Mode=DMA_NORMAL
NVIC.UsageFault_IRQn=true\:0\:0\:false\:false\:true\:false\:false
NVIC.TIM8_TRG_COM_TIM14_IRQn=true\:0\:0\:false\:false\:true\:true\:true
USB_OTG_FS.phy_itface=HCD_PHY_EMBEDDED
PB2.Signal=QUADSPI_CLK
PB3.Mode=Full_Duplex_Master
Dma.SPI1_RX.1.Priority=DMA_PRIORITY_LOW
PA4.Locked=true
PB12.GPIO_Label=SD_CARD_CS
ProjectManager.FirmwarePackage=STM32Cube FW_F4 V1.25.2
MxDb.Version=DB.5.0.60
PB0.GPIOParameters=GPIO_Label
PE15.Locked=true
PA1.GPIOParameters=GPIO_Label
ProjectManager.BackupPrevious=false
PC4.GPIO_Label=MPU_INT
PE9.Signal=GPIO_Output
PE9.Locked=true
PB14.Mode=Full_Duplex_Master
PB1.GPIO_Label=COM_GREEN
PC9.Mode=I2C
SPI2.CalculateBaudRate=21.0 MBits/s
PH1-OSC_OUT.Locked=true
PE2.Signal=QUADSPI_BK1_IO2
PA8.Signal=I2C3_SCL
RCC.PLLRCLKFreq_Value=168000000
NVIC.PendSV_IRQn=true\:15\:0\:true\:false\:true\:false\:false
PE10.Signal=GPIO_Output
RCC.PLLI2SoutputFreq_Value=48000000
ProjectManager.HalAssertFull=false
ADC1.SamplingTime-0\#ChannelRegularConversion=ADC_SAMPLETIME_3CYCLES
RCC.MCO2PinFreq_Value=168000000
PC8.GPIOParameters=GPIO_Label
Mcu.Package=LQFP100
PB1.Signal=GPIO_Output
NVIC.TimeBase=TIM8_UP_TIM13_IRQn
SPI2.Mode=SPI_MODE_MASTER
RCC.I2S2Freq_Value=48000000
SPI3.Mode=SPI_MODE_MASTER
PE10.GPIOParameters=GPIO_Label
PD12.Signal=QUADSPI_BK1_IO1
ADC2.Channel-1\#ChannelRegularConversion=ADC_CHANNEL_2
NVIC.TimeBaseIP=TIM13
PE12.GPIO_Label=IND_LED
PA5.GPIOParameters=GPIO_Label
PB14.GPIOParameters=GPIO_Label
RCC.APB2CLKDivider=RCC_HCLK_DIV2
RCC.CECFreq_Value=32786.88524590164
RCC.APB1TimFreq_Value=84000000
NVIC.BusFault_IRQn=true\:0\:0\:false\:false\:true\:false\:false
USB_OTG_FS.IPParameters=VirtualMode,phy_itface
PB13.Mode=Full_Duplex_Master
PB10.GPIOParameters=GPIO_Label
VP_TIM14_VS_ClockSourceINT.Mode=Enable_Timer
Dma.SPI1_TX.2.Priority=DMA_PRIORITY_LOW
PE10.GPIO_Label=BLUE
PD5.Locked=true
Dma.QUADSPI.0.PeriphDataAlignment=DMA_PDATAALIGN_BYTE
Dma.SPI1_RX.1.MemInc=DMA_MINC_ENABLE
PA4.GPIO_Label=MPU_CS
ProjectManager.CustomerFirmwarePackage=
PC4.GPIOParameters=GPIO_Label
RCC.PLLSAIQCLKFreq_Value=48000000
Dma.SPI1_TX.2.PeriphInc=DMA_PINC_DISABLE
PA5.Mode=Full_Duplex_Master
Dma.SPI1_RX.1.Instance=DMA2_Stream0
PA6.GPIOParameters=GPIO_Label
NVIC.EXTI4_IRQn=true\:5\:0\:true\:false\:true\:true\:true
NVIC.QUADSPI_IRQn=true\:5\:0\:true\:false\:true\:true\:true
ProjectManager.ProjectFileName=Bolek2.ioc
ADC1.Rank-0\#ChannelRegularConversion=1
PD9.GPIO_Label=SD_CARD_DETECT
PA15.GPIOParameters=GPIO_Label
Mcu.PinsNb=55
ADC1.IPParameters=Rank-0\#ChannelRegularConversion,master,Channel-0\#ChannelRegularConversion,SamplingTime-0\#ChannelRegularConversion,NbrOfConversionFlag
Dma.SPI1_RX.1.MemDataAlignment=DMA_MDATAALIGN_BYTE
PD7.Signal=GPIO_Output
PB14.Locked=true
RCC.APB1CLKDivider=RCC_HCLK_DIV4
PD6.Mode=Asynchronous
QUADSPI.IPParameters=ClockPrescaler,FlashSize
PA0-WKUP.GPIO_Label=VIBRATION_SENSOR
PA0-WKUP.Signal=ADCx_IN0
PC3.GPIOParameters=GPIO_Label
PA15.Locked=true
PA8.GPIO_Label=SENSOR_C_SCL
Mcu.Pin51=PB6
Mcu.Pin52=PB8
Mcu.Pin50=PB5
Mcu.Pin53=VP_SYS_VS_tim13
ADC2.IPParameters=Rank-1\#ChannelRegularConversion,Channel-1\#ChannelRegularConversion,SamplingTime-1\#ChannelRegularConversion,NbrOfConversionFlag
PE8.GPIO_Label=RED
Mcu.Pin54=VP_TIM14_VS_ClockSourceINT
PB5.Locked=true
NVIC.I2C2_ER_IRQn=true\:5\:0\:true\:false\:true\:true\:true
Dma.SPI3_RX.3.PeriphInc=DMA_PINC_DISABLE
PD7.Locked=true
PE9.GPIO_Label=GREEN
Mcu.Pin48=PB3
Mcu.Pin49=PB4
Mcu.Pin46=PD6
Mcu.Pin47=PD7
PB10.Signal=I2C2_SCL
PB14.Signal=SPI2_MISO
PA5.Signal=SPI1_SCK
Mcu.Pin40=PA13
Mcu.Pin41=PA14
PE13.GPIOParameters=GPIO_Label
Dma.SPI1_RX.1.RequestParameters=Instance,Direction,PeriphInc,MemInc,PeriphDataAlignment,MemDataAlignment,Mode,Priority,FIFOMode
PC12.Mode=I2C
Mcu.Pin44=PD0
Mcu.Pin45=PD5
Mcu.Pin42=PA15
Mcu.Pin43=PC12
ProjectManager.LastFirmware=true
Dma.SPI3_TX.4.MemDataAlignment=DMA_MDATAALIGN_BYTE
NVIC.SPI1_IRQn=true\:5\:0\:true\:false\:true\:true\:true
PE14.Signal=GPIO_Output
PE15.Signal=GPIO_Output
Mcu.Pin37=PA8
PB4.GPIO_Label=MS56_MISO
Mcu.Pin38=PA11
Mcu.Pin35=PC8
PE8.Signal=GPIO_Output
Mcu.Pin36=PC9
RCC.PLLI2SPCLKFreq_Value=48000000
SPI1.Mode=SPI_MODE_MASTER
SH.ADCx_IN0.ConfNb=1
Mcu.Pin39=PA12
Mcu.Pin30=PD8
PA1.GPIO_Label=TEMPERATURE_SENSOR
Mcu.Pin33=PD12
Mcu.Pin34=PD13
Mcu.Pin31=PD9
Mcu.Pin32=PD11
NVIC.NonMaskableInt_IRQn=true\:0\:0\:false\:false\:true\:false\:false
PE7.Locked=true
PA13.Mode=Serial_Wire
ProjectManager.FreePins=false
PC9.GPIOParameters=GPIO_Label
RCC.PLLI2SQCLKFreq_Value=48000000
Mcu.Pin26=PB10
Mcu.Pin27=PB12
Dma.SPI3_TX.4.PeriphDataAlignment=DMA_PDATAALIGN_BYTE
Mcu.Pin24=PE14
ProjectManager.UnderRoot=true
PE13.Locked=true
Mcu.Pin25=PE15
Mcu.Pin28=PB13
Mcu.Pin29=PB14
PB4.Locked=true
PA4.Signal=GPIO_Output
Mcu.Pin22=PE12
PB5.Signal=SPI3_MOSI
Mcu.Pin23=PE13
Mcu.Pin20=PE10
ADC1.master=1
Mcu.Pin21=PE11
PE13.GPIO_Label=COM_RED2
PD12.Mode=Single Bank 1
PA5.GPIO_Label=MPU_SCK
ADC2.NbrOfConversionFlag=1
NVIC.ForceEnableDMAVector=true
PD11.Signal=QUADSPI_BK1_IO0
NVIC.MemoryManagement_IRQn=true\:0\:0\:false\:false\:true\:false\:false
PC12.GPIO_Label=SENSOR_D_SDA
ProjectManager.CompilerOptimize=6
PA11.Signal=USB_OTG_FS_DM
ProjectManager.HeapSize=0x200
Mcu.Pin15=PB1
NVIC.HardFault_IRQn=true\:0\:0\:false\:false\:true\:false\:false
Mcu.Pin16=PB2
Mcu.Pin13=PC5
Dma.SPI3_RX.3.PeriphDataAlignment=DMA_PDATAALIGN_BYTE
Mcu.Pin14=PB0
Mcu.Pin19=PE9
ProjectManager.ComputerToolchain=false
Mcu.Pin17=PE7
Mcu.Pin18=PE8
NVIC.TIM8_UP_TIM13_IRQn=true\:0\:0\:false\:false\:true\:false\:true
NVIC.PriorityGroup=NVIC_PRIORITYGROUP_4
Mcu.Pin11=PA7
Mcu.Pin12=PC4
PD0.GPIOParameters=GPIO_Label
NVIC.I2C3_ER_IRQn=true\:5\:0\:true\:false\:true\:true\:true
Mcu.Pin10=PA6
PC3.GPIO_Label=GRZALKA
RCC.PWRFreq_Value=168000000
PA8.Mode=I2C
Dma.SPI3_TX.4.Direction=DMA_MEMORY_TO_PERIPH
PE12.GPIOParameters=GPIO_Label
PB0.Signal=GPIO_Output
Dma.SPI3_TX.4.Priority=DMA_PRIORITY_LOW
PA7.GPIOParameters=GPIO_Label
PC1.Signal=SPI2_MOSI
PB12.GPIOParameters=GPIO_Label
PD7.GPIOParameters=GPIO_Label
PC1.Mode=Full_Duplex_Master
Mcu.Family=STM32F4
ProjectManager.MainLocation=Src
Dma.SPI3_RX.3.Direction=DMA_PERIPH_TO_MEMORY
Dma.SPI3_TX.4.MemInc=DMA_MINC_ENABLE
PA6.Mode=Full_Duplex_Master
RCC.CortexFreq_Value=168000000
Dma.SPI1_RX.1.Mode=DMA_NORMAL
ProjectManager.KeepUserCode=true
Mcu.UserName=STM32F446VETx
PD9.GPIOParameters=GPIO_Label
PE11.GPIO_Label=LOOP_LED
SH.ADCx_IN2.0=ADC2_IN2,IN2
Dma.QUADSPI.0.Instance=DMA2_Stream7
PC5.Locked=true
ProjectManager.functionlistsort=1-MX_GPIO_Init-GPIO-false-HAL-true,2-MX_DMA_Init-DMA-false-HAL-true,3-SystemClock_Config-RCC-false-HAL-false,4-MX_ADC1_Init-ADC1-false-HAL-true,5-MX_ADC2_Init-ADC2-false-HAL-true,6-MX_I2C2_Init-I2C2-false-HAL-true,7-MX_I2C3_Init-I2C3-false-HAL-true,8-MX_QUADSPI_Init-QUADSPI-false-HAL-true,9-MX_SPI1_Init-SPI1-false-HAL-true,10-MX_SPI2_Init-SPI2-false-HAL-true,11-MX_SPI3_Init-SPI3-false-HAL-true,12-MX_TIM4_Init-TIM4-false-HAL-true,13-MX_TIM14_Init-TIM14-false-HAL-true,14-MX_USART2_UART_Init-USART2-false-HAL-true,15-MX_USB_OTG_FS_HCD_Init-USB_OTG_FS-false-HAL-true
PD0.GPIO_Label=SENSOR_D_DRDY
PA11.Mode=Host_Only
PD6.Locked=true
PB0.GPIO_Label=COM_RED
RCC.PLLI2SRCLKFreq_Value=48000000
Dma.QUADSPI.0.MemDataAlignment=DMA_MDATAALIGN_BYTE
PB13.GPIO_Label=SD_CARD_SCK
ProjectManager.StackSize=0x400
PB5.GPIOParameters=GPIO_Label
Dma.QUADSPI.0.FIFOMode=DMA_FIFOMODE_DISABLE
PD13.Signal=QUADSPI_BK1_IO3
Mcu.IP4=I2C3
Mcu.IP5=NVIC
RCC.FCLKCortexFreq_Value=168000000
Mcu.IP2=DMA
Mcu.IP3=I2C2
PA15.GPIO_Label=BUZZER
PB4.GPIOParameters=GPIO_Label
Mcu.IP0=ADC1
Mcu.IP1=ADC2
PA12.Signal=USB_OTG_FS_DP
Mcu.UserConstants=
PC1.GPIOParameters=GPIO_Label
Dma.SPI1_RX.1.PeriphInc=DMA_PINC_DISABLE
Mcu.ThirdPartyNb=0
RCC.SDIOFreq_Value=48000000
RCC.HCLKFreq_Value=168000000
Mcu.IPNb=15
ProjectManager.PreviousToolchain=SW4STM32
RCC.SPDIFRXFreq_Value=168000000
PD8.GPIOParameters=GPIO_Label
PA8.GPIOParameters=GPIO_Label
Mcu.Pin6=PA1
Mcu.Pin7=PA2
NVIC.DMA2_Stream0_IRQn=true\:5\:0\:true\:false\:true\:false\:true
Mcu.Pin8=PA4
Mcu.Pin9=PA5
RCC.VCOSAIOutputFreq_Value=96000000
Dma.SPI1_TX.2.Mode=DMA_NORMAL
RCC.AHBFreq_Value=168000000
PH0-OSC_IN.Mode=HSE-External-Oscillator
Mcu.Pin0=PE2
Mcu.Pin1=PH0-OSC_IN
PD5.Mode=Asynchronous
GPIO.groupedBy=Group By Peripherals
Mcu.Pin2=PH1-OSC_OUT
Mcu.Pin3=PC1
Mcu.Pin4=PC3
PA0-WKUP.GPIOParameters=GPIO_Label
Mcu.Pin5=PA0-WKUP
ADC1.Channel-0\#ChannelRegularConversion=ADC_CHANNEL_0
RCC.HSE_VALUE=8000000
NVIC.DebugMonitor_IRQn=true\:0\:0\:false\:false\:true\:false\:false
Dma.SPI3_RX.3.Priority=DMA_PRIORITY_LOW
Mcu.IP10=SPI3
NVIC.SysTick_IRQn=true\:15\:0\:true\:false\:true\:false\:true
Mcu.IP12=TIM14
Mcu.IP11=SYS
NVIC.I2C3_EV_IRQn=true\:5\:0\:true\:false\:true\:true\:true
Mcu.IP14=USB_OTG_FS
PB4.Mode=Full_Duplex_Master
Mcu.IP13=USART2
PE13.Signal=GPIO_Output
RCC.VCOInputFreq_Value=1000000
PA14.Mode=Serial_Wire
PE8.Locked=true
PB5.Mode=Full_Duplex_Master
File.Version=6
PB3.GPIOParameters=GPIO_Label
PB8.Locked=true
NVIC.SPI2_IRQn=true\:5\:0\:true\:false\:true\:true\:true
SH.ADCx_IN0.0=ADC1_IN0,IN0
Dma.SPI3_TX.4.RequestParameters=Instance,Direction,PeriphInc,MemInc,PeriphDataAlignment,MemDataAlignment,Mode,Priority,FIFOMode
Dma.RequestsNb=5
PB0.Locked=true
Dma.SPI1_RX.1.Direction=DMA_PERIPH_TO_MEMORY
ProjectManager.ProjectName=Bolek2
PD7.GPIO_Label=MS56_CS
PH1-OSC_OUT.Mode=HSE-External-Oscillator
Dma.SPI1_TX.2.MemDataAlignment=DMA_MDATAALIGN_BYTE
PA6.Signal=SPI1_MISO
NVIC.DMA2_Stream7_IRQn=true\:5\:0\:true\:false\:true\:false\:true
Dma.QUADSPI.0.Direction=DMA_PERIPH_TO_MEMORY
Dma.QUADSPI.0.Priority=DMA_PRIORITY_LOW
USART2.VirtualMode=VM_ASYNC
ProjectManager.ToolChainLocation=
PA2.GPIO_Label=OXYGEN_SENSOR
USB_OTG_FS.VirtualMode=Host_Only
PA15.Signal=GPIO_Output
NVIC.SPI3_IRQn=true\:5\:0\:true\:false\:true\:true\:true
PB5.GPIO_Label=MS56_MOSI
Dma.Request2=SPI1_TX
Dma.Request1=SPI1_RX
Dma.Request4=SPI3_TX
Dma.SPI3_RX.3.RequestParameters=Instance,Direction,PeriphInc,MemInc,PeriphDataAlignment,MemDataAlignment,Mode,Priority,FIFOMode
Dma.Request3=SPI3_RX
PC4.Locked=true
NVIC.DMA1_Stream0_IRQn=true\:5\:0\:true\:false\:true\:false\:true
SPI3.IPParameters=VirtualType,Mode,Direction,CalculateBaudRate
SPI2.Direction=SPI_DIRECTION_2LINES
PC5.Signal=GPIO_Output
PE7.Signal=GPIO_Output
PD6.Signal=USART2_RX
RCC.SAIBFreq_Value=48000000
Dma.Request0=QUADSPI
PE12.Locked=true
PB3.Locked=true
PB4.Signal=SPI3_MISO
PB3.GPIO_Label=MS56_SCK
PA2.Locked=true
PE8.GPIOParameters=GPIO_Label
PA7.Mode=Full_Duplex_Master
PE14.GPIOParameters=GPIO_Label
Dma.SPI1_TX.2.Direction=DMA_MEMORY_TO_PERIPH
VP_TIM14_VS_ClockSourceINT.Signal=TIM14_VS_ClockSourceINT
PC9.GPIO_Label=SENSOR_C_SDA
ProjectManager.NoMain=false
SPI1.IPParameters=VirtualType,Mode,Direction,CalculateBaudRate
RCC.FMPI2C1Freq_Value=42000000
RCC.VCOI2SInputFreq_Value=500000
PC8.Signal=GPIO_Output
Dma.QUADSPI.0.MemInc=DMA_MINC_ENABLE
PC4.Signal=GPXTI4
Dma.QUADSPI.0.PeriphInc=DMA_PINC_DISABLE
ProjectManager.DefaultFWLocation=true
PE14.GPIO_Label=COM_GREEN2
PD9.Signal=GPIO_Output
PD5.Signal=USART2_TX
PB12.Locked=true
ProjectManager.DeletePrevious=true
NVIC.USART2_IRQn=true\:5\:0\:true\:false\:true\:true\:true
RCC.FamilyName=M
PE9.GPIOParameters=GPIO_Label
PE15.GPIOParameters=GPIO_Label
PD8.GPIO_Label=FLASH_RESET
PD12.Locked=true
PC8.GPIO_Label=SENSOR_C_DRDY
PC12.GPIOParameters=GPIO_Label
PA13.Signal=SYS_JTMS-SWDIO
Dma.SPI1_TX.2.Instance=DMA2_Stream3
Dma.SPI3_RX.3.MemInc=DMA_MINC_ENABLE
PE15.GPIO_Label=COM_BLUE2
ProjectManager.TargetToolchain=SW4STM32
PB10.GPIO_Label=SENSOR_D_SCL
PE7.GPIOParameters=GPIO_Label
NVIC.DMA1_Stream5_IRQn=true\:5\:0\:true\:false\:true\:false\:true
SH.S_TIM4_CH3.0=TIM4_CH3
PC5.GPIOParameters=GPIO_Label
PD13.Mode=Single Bank 1
Dma.SPI1_TX.2.FIFOMode=DMA_FIFOMODE_DISABLE
RCC.I2S1Freq_Value=48000000
SPI2.IPParameters=VirtualType,Mode,Direction,CalculateBaudRate
ProjectManager.RegisterCallBack=
Dma.QUADSPI.0.Mode=DMA_NORMAL
RCC.USBFreq_Value=48000000
Dma.SPI1_TX.2.PeriphDataAlignment=DMA_PDATAALIGN_BYTE
Dma.SPI3_TX.4.FIFOMode=DMA_FIFOMODE_DISABLE
NVIC.DMA2_Stream3_IRQn=true\:5\:0\:true\:false\:true\:false\:true
RCC.PLLSAIoutputFreq_Value=48000000
PE11.Signal=GPIO_Output
PA1.Signal=GPIO_Analog
PB1.Locked=true
SH.S_TIM4_CH3.ConfNb=1
RCC.VCOI2SOutputFreq_Value=96000000
RCC.PLLSAIPCLKFreq_Value=48000000
board=custom
RCC.VCOOutputFreq_Value=336000000
VP_SYS_VS_tim13.Signal=SYS_VS_tim13
RCC.APB2Freq_Value=84000000
SPI3.CalculateBaudRate=21.0 MBits/s
Dma.SPI1_TX.2.RequestParameters=Instance,Direction,PeriphInc,MemInc,PeriphDataAlignment,MemDataAlignment,Mode,Priority,FIFOMode
MxCube.Version=5.6.1
VP_SYS_VS_tim13.Mode=TIM13
SH.ADCx_IN2.ConfNb=1
PC1.GPIO_Label=SD_CARD_MOSI
Dma.SPI3_RX.3.FIFOMode=DMA_FIFOMODE_DISABLE
PH1-OSC_OUT.Signal=RCC_OSC_OUT
PA4.GPIOParameters=GPIO_Label
RCC.IPParameters=AHBFreq_Value,APB1CLKDivider,APB1Freq_Value,APB1TimFreq_Value,APB2CLKDivider,APB2Freq_Value,APB2TimFreq_Value,CECFreq_Value,CortexFreq_Value,FCLKCortexFreq_Value,FMPI2C1Freq_Value,FamilyName,HCLKFreq_Value,HSE_VALUE,I2S1Freq_Value,I2S2Freq_Value,MCO2PinFreq_Value,PLLCLKFreq_Value,PLLI2SPCLKFreq_Value,PLLI2SQCLKFreq_Value,PLLI2SRCLKFreq_Value,PLLI2SoutputFreq_Value,PLLM,PLLN,PLLQ,PLLQCLKFreq_Value,PLLRCLKFreq_Value,PLLSAIPCLKFreq_Value,PLLSAIQCLKFreq_Value,PLLSAIoutputFreq_Value,PWRFreq_Value,SAIAFreq_Value,SAIBFreq_Value,SDIOFreq_Value,SPDIFRXFreq_Value,SYSCLKFreq_VALUE,SYSCLKSource,USBFreq_Value,VCOI2SInputFreq_Value,VCOI2SOutputFreq_Value,VCOInputFreq_Value,VCOOutputFreq_Value,VCOSAIInputFreq_Value,VCOSAIOutputFreq_Value
PE11.Locked=true
ProjectManager.AskForMigrate=true
Mcu.Name=STM32F446V(C-E)Tx
PE7.GPIO_Label=COM_BLUE
PE12.Signal=GPIO_Output
PA2.Signal=ADCx_IN2
Mcu.IP8=SPI1
Mcu.IP9=SPI2
Dma.SPI1_RX.1.PeriphDataAlignment=DMA_PDATAALIGN_BYTE
Mcu.IP6=QUADSPI
Mcu.IP7=RCC
RCC.VCOSAIInputFreq_Value=500000
ProjectManager.CoupleFile=true
PB3.Signal=SPI3_SCK
RCC.SYSCLKFreq_VALUE=168000000
PA7.GPIO_Label=MPU_MOSI
PA1.Locked=true
SH.GPXTI4.0=GPIO_EXTI4
PA12.Mode=Host_Only
KeepUserPlacement=false
PC5.GPIO_Label=BAT_VOLTAGE
PA13.Locked=true
PB2.Mode=Single Bank 1
PA14.Signal=SYS_JTCK-SWCLK
SH.GPXTI4.ConfNb=1
PD11.Mode=Single Bank 1
NVIC.I2C2_EV_IRQn=true\:5\:0\:true\:false\:true\:true\:true
RCC.PLLQ=7
ADC1.NbrOfConversionFlag=1
RCC.PLLM=8
RCC.PLLN=336
ADC2.Rank-1\#ChannelRegularConversion=1
PB8.Signal=S_TIM4_CH3
PC8.Locked=true
Dma.SPI3_RX.3.Instance=DMA1_Stream0
PC9.Signal=I2C3_SDA
PD9.Locked=true
RCC.APB1Freq_Value=42000000
ProjectManager.DeviceId=STM32F446VETx
PB12.Signal=GPIO_Output
ProjectManager.LibraryCopy=1
PB1.GPIOParameters=GPIO_Label
PA7.Signal=SPI1_MOSI
