#MicroXplorer Configuration settings - do not modify
ADC1.Channel-0\#ChannelRegularConversion=ADC_CHANNEL_0
ADC1.Channel-1\#ChannelRegularConversion=ADC_CHANNEL_1
ADC1.Channel-2\#ChannelRegularConversion=ADC_CHANNEL_2
ADC1.Channel-3\#ChannelRegularConversion=ADC_CHANNEL_4
ADC1.Channel-4\#ChannelRegularConversion=ADC_CHANNEL_5
ADC1.Channel-5\#ChannelRegularConversion=ADC_CHANNEL_6
ADC1.Channel-6\#ChannelRegularConversion=ADC_CHANNEL_7
ADC1.ContinuousConvMode=DISABLE
ADC1.DMAContinuousRequests=ENABLE
ADC1.EOCSelection=ADC_EOC_SEQ_CONV
ADC1.ExternalTrigConv=ADC_EXTERNALTRIGCONV_T8_TRGO
ADC1.IPParameters=Rank-0\#ChannelRegularConversion,Channel-0\#ChannelRegularConversion,SamplingTime-0\#ChannelRegularConversion,NbrOfConversionFlag,master,DMAContinuousRequests,InjNumberOfConversion,Rank-1\#ChannelRegularConversion,Channel-1\#ChannelRegularConversion,SamplingTime-1\#ChannelRegularConversion,Rank-2\#ChannelRegularConversion,Channel-2\#ChannelRegularConversion,SamplingTime-2\#ChannelRegularConversion,Rank-3\#ChannelRegularConversion,Channel-3\#ChannelRegularConversion,SamplingTime-3\#ChannelRegularConversion,Rank-4\#ChannelRegularConversion,Channel-4\#ChannelRegularConversion,SamplingTime-4\#ChannelRegularConversion,Rank-5\#ChannelRegularConversion,Channel-5\#ChannelRegularConversion,SamplingTime-5\#ChannelRegularConversion,Rank-6\#ChannelRegularConversion,Channel-6\#ChannelRegularConversion,SamplingTime-6\#ChannelRegularConversion,NbrOfConversion,ContinuousConvMode,ExternalTrigConv,EOCSelection
ADC1.InjNumberOfConversion=0
ADC1.NbrOfConversion=7
ADC1.NbrOfConversionFlag=1
ADC1.Rank-0\#ChannelRegularConversion=1
ADC1.Rank-1\#ChannelRegularConversion=2
ADC1.Rank-2\#ChannelRegularConversion=3
ADC1.Rank-3\#ChannelRegularConversion=4
ADC1.Rank-4\#ChannelRegularConversion=5
ADC1.Rank-5\#ChannelRegularConversion=6
ADC1.Rank-6\#ChannelRegularConversion=7
ADC1.SamplingTime-0\#ChannelRegularConversion=ADC_SAMPLETIME_56CYCLES
ADC1.SamplingTime-1\#ChannelRegularConversion=ADC_SAMPLETIME_56CYCLES
ADC1.SamplingTime-2\#ChannelRegularConversion=ADC_SAMPLETIME_56CYCLES
ADC1.SamplingTime-3\#ChannelRegularConversion=ADC_SAMPLETIME_56CYCLES
ADC1.SamplingTime-4\#ChannelRegularConversion=ADC_SAMPLETIME_56CYCLES
ADC1.SamplingTime-5\#ChannelRegularConversion=ADC_SAMPLETIME_56CYCLES
ADC1.SamplingTime-6\#ChannelRegularConversion=ADC_SAMPLETIME_56CYCLES
ADC1.master=1
CAN1.BS1=CAN_BS1_6TQ
CAN1.BS2=CAN_BS2_6TQ
CAN1.CalculateTimeQuantum=200.0
CAN1.IPParameters=CalculateTimeQuantum,Prescaler,BS1,BS2
CAN1.Prescaler=9
CAN2.BS1=CAN_BS1_6TQ
CAN2.BS2=CAN_BS2_6TQ
CAN2.CalculateTimeQuantum=200.0
CAN2.IPParameters=CalculateTimeQuantum,Prescaler,BS1,BS2
CAN2.Prescaler=9
Dma.ADC1.0.Direction=DMA_PERIPH_TO_MEMORY
Dma.ADC1.0.FIFOMode=DMA_FIFOMODE_DISABLE
Dma.ADC1.0.Instance=DMA2_Stream0
Dma.ADC1.0.MemDataAlignment=DMA_MDATAALIGN_HALFWORD
Dma.ADC1.0.MemInc=DMA_MINC_ENABLE
Dma.ADC1.0.Mode=DMA_CIRCULAR
Dma.ADC1.0.PeriphDataAlignment=DMA_PDATAALIGN_HALFWORD
Dma.ADC1.0.PeriphInc=DMA_PINC_DISABLE
Dma.ADC1.0.Priority=DMA_PRIORITY_LOW
Dma.ADC1.0.RequestParameters=Instance,Direction,PeriphInc,MemInc,PeriphDataAlignment,MemDataAlignment,Mode,Priority,FIFOMode
Dma.Request0=ADC1
Dma.RequestsNb=1
File.Version=6
KeepUserPlacement=false
Mcu.Family=STM32F4
Mcu.IP0=ADC1
Mcu.IP1=CAN1
Mcu.IP10=TIM8
Mcu.IP11=USART1
Mcu.IP12=USART6
Mcu.IP2=CAN2
Mcu.IP3=CRC
Mcu.IP4=DMA
Mcu.IP5=I2C1
Mcu.IP6=NVIC
Mcu.IP7=RCC
Mcu.IP8=SPI2
Mcu.IP9=SYS
Mcu.IPNb=13
Mcu.Name=STM32F446R(C-E)Tx
Mcu.Package=LQFP64
Mcu.Pin0=PC13
Mcu.Pin1=PC14-OSC32_IN
Mcu.Pin10=PA2
Mcu.Pin11=PA3
Mcu.Pin12=PA4
Mcu.Pin13=PA5
Mcu.Pin14=PA6
Mcu.Pin15=PA7
Mcu.Pin16=PC4
Mcu.Pin17=PC5
Mcu.Pin18=PB0
Mcu.Pin19=PB1
Mcu.Pin2=PC15-OSC32_OUT
Mcu.Pin20=PB2
Mcu.Pin21=PB10
Mcu.Pin22=PB12
Mcu.Pin23=PB13
Mcu.Pin24=PB14
Mcu.Pin25=PB15
Mcu.Pin26=PC6
Mcu.Pin27=PC7
Mcu.Pin28=PC8
Mcu.Pin29=PC9
Mcu.Pin3=PH0-OSC_IN
Mcu.Pin30=PA8
Mcu.Pin31=PA9
Mcu.Pin32=PA10
Mcu.Pin33=PA11
Mcu.Pin34=PA12
Mcu.Pin35=PA13
Mcu.Pin36=PA14
Mcu.Pin37=PA15
Mcu.Pin38=PC10
Mcu.Pin39=PC11
Mcu.Pin4=PH1-OSC_OUT
Mcu.Pin40=PC12
Mcu.Pin41=PD2
Mcu.Pin42=PB3
Mcu.Pin43=PB4
Mcu.Pin44=PB5
Mcu.Pin45=PB6
Mcu.Pin46=PB7
Mcu.Pin47=PB8
Mcu.Pin48=PB9
Mcu.Pin49=VP_CRC_VS_CRC
Mcu.Pin5=PC1
Mcu.Pin50=VP_SYS_VS_Systick
Mcu.Pin51=VP_TIM8_VS_ClockSourceINT
Mcu.Pin6=PC2
Mcu.Pin7=PC3
Mcu.Pin8=PA0-WKUP
Mcu.Pin9=PA1
Mcu.PinsNb=52
Mcu.ThirdPartyNb=0
Mcu.UserConstants=
Mcu.UserName=STM32F446RETx
MxCube.Version=5.6.0
MxDb.Version=DB.5.0.60
NVIC.ADC_IRQn=true\:0\:0\:false\:false\:true\:true\:true
NVIC.BusFault_IRQn=true\:0\:0\:false\:false\:true\:false\:false
NVIC.CAN1_RX0_IRQn=true\:0\:0\:false\:false\:true\:true\:true
NVIC.CAN1_RX1_IRQn=true\:0\:0\:false\:false\:true\:true\:true
NVIC.CAN1_SCE_IRQn=true\:0\:0\:false\:false\:true\:true\:true
NVIC.CAN1_TX_IRQn=true\:0\:0\:false\:false\:true\:true\:true
NVIC.CAN2_RX0_IRQn=true\:0\:0\:false\:false\:true\:true\:true
NVIC.CAN2_RX1_IRQn=true\:0\:0\:false\:false\:true\:true\:true
NVIC.CAN2_SCE_IRQn=true\:0\:0\:false\:false\:true\:true\:true
NVIC.CAN2_TX_IRQn=true\:0\:0\:false\:false\:true\:true\:true
NVIC.DMA2_Stream0_IRQn=true\:0\:0\:false\:false\:true\:false\:true
NVIC.DebugMonitor_IRQn=true\:0\:0\:false\:false\:true\:false\:false
NVIC.ForceEnableDMAVector=true
NVIC.HardFault_IRQn=true\:0\:0\:false\:false\:true\:false\:false
NVIC.MemoryManagement_IRQn=true\:0\:0\:false\:false\:true\:false\:false
NVIC.NonMaskableInt_IRQn=true\:0\:0\:false\:false\:true\:false\:false
NVIC.PendSV_IRQn=true\:0\:0\:false\:false\:true\:false\:false
NVIC.PriorityGroup=NVIC_PRIORITYGROUP_4
NVIC.SVCall_IRQn=true\:0\:0\:false\:false\:true\:false\:false
NVIC.SysTick_IRQn=true\:0\:0\:false\:false\:true\:false\:true
NVIC.USART1_IRQn=true\:0\:0\:false\:false\:true\:true\:true
NVIC.UsageFault_IRQn=true\:0\:0\:false\:false\:true\:false\:false
PA0-WKUP.GPIOParameters=GPIO_PuPd,GPIO_Label,GPIO_Mode
PA0-WKUP.GPIO_Label=MAIN_PROTECTED
PA0-WKUP.GPIO_Mode=GPIO_MODE_ANALOG
PA0-WKUP.GPIO_PuPd=GPIO_NOPULL
PA0-WKUP.Locked=true
PA0-WKUP.Signal=ADCx_IN0
PA1.GPIOParameters=GPIO_PuPd,GPIO_Label,GPIO_Mode
PA1.GPIO_Label=BACKUP_PROTECTED
PA1.GPIO_Mode=GPIO_MODE_ANALOG
PA1.GPIO_PuPd=GPIO_NOPULL
PA1.Signal=ADCx_IN1
PA10.GPIOParameters=GPIO_Speed,GPIO_PuPd,GPIO_Label,GPIO_Mode
PA10.GPIO_Label=XBEE_RX
PA10.GPIO_Mode=GPIO_MODE_AF_PP
PA10.GPIO_PuPd=GPIO_PULLUP
PA10.GPIO_Speed=GPIO_SPEED_FREQ_VERY_HIGH
PA10.Locked=true
PA10.Mode=Asynchronous
PA10.Signal=USART1_RX
PA11.Locked=true
PA11.Mode=Master
PA11.Signal=CAN1_RX
PA12.Locked=true
PA12.Mode=Master
PA12.Signal=CAN1_TX
PA13.Mode=Serial_Wire
PA13.Signal=SYS_JTMS-SWDIO
PA14.Mode=Serial_Wire
PA14.Signal=SYS_JTCK-SWCLK
PA15.GPIOParameters=GPIO_Speed,PinState,GPIO_PuPd,GPIO_Label,GPIO_ModeDefaultOutputPP
PA15.GPIO_Label=MR_13V
PA15.GPIO_ModeDefaultOutputPP=GPIO_MODE_OUTPUT_OD
PA15.GPIO_PuPd=GPIO_NOPULL
PA15.GPIO_Speed=GPIO_SPEED_FREQ_LOW
PA15.Locked=true
PA15.PinState=GPIO_PIN_SET
PA15.Signal=GPIO_Output
PA2.GPIOParameters=GPIO_PuPd,GPIO_Label,GPIO_Mode
PA2.GPIO_Label=EXTERNAL_PROTECTED
PA2.GPIO_Mode=GPIO_MODE_ANALOG
PA2.GPIO_PuPd=GPIO_NOPULL
PA2.Signal=ADCx_IN2
PA3.GPIOParameters=GPIO_Speed,PinState,GPIO_PuPd,GPIO_Label,GPIO_ModeDefaultOutputPP
PA3.GPIO_Label=MR_6V6
PA3.GPIO_ModeDefaultOutputPP=GPIO_MODE_OUTPUT_OD
PA3.GPIO_PuPd=GPIO_NOPULL
PA3.GPIO_Speed=GPIO_SPEED_FREQ_LOW
PA3.Locked=true
PA3.PinState=GPIO_PIN_SET
PA3.Signal=GPIO_Output
PA4.GPIOParameters=GPIO_PuPd,GPIO_Label,GPIO_Mode
PA4.GPIO_Label=CELL4
PA4.GPIO_Mode=GPIO_MODE_ANALOG
PA4.GPIO_PuPd=GPIO_NOPULL
PA4.Signal=ADCx_IN4
PA5.GPIOParameters=GPIO_PuPd,GPIO_Label,GPIO_Mode
PA5.GPIO_Label=CELL3
PA5.GPIO_Mode=GPIO_MODE_ANALOG
PA5.GPIO_PuPd=GPIO_NOPULL
PA5.Signal=ADCx_IN5
PA6.GPIOParameters=GPIO_PuPd,GPIO_Label,GPIO_Mode
PA6.GPIO_Label=CELL2
PA6.GPIO_Mode=GPIO_MODE_ANALOG
PA6.GPIO_PuPd=GPIO_NOPULL
PA6.Signal=ADCx_IN6
PA7.GPIOParameters=GPIO_PuPd,GPIO_Label,GPIO_Mode
PA7.GPIO_Label=CELL1
PA7.GPIO_Mode=GPIO_MODE_ANALOG
PA7.GPIO_PuPd=GPIO_NOPULL
PA7.Signal=ADCx_IN7
PA8.GPIOParameters=GPIO_Speed,PinState,GPIO_PuPd,GPIO_Label,GPIO_ModeDefaultOutputPP
PA8.GPIO_Label=MR_3V8
PA8.GPIO_ModeDefaultOutputPP=GPIO_MODE_OUTPUT_OD
PA8.GPIO_PuPd=GPIO_NOPULL
PA8.GPIO_Speed=GPIO_SPEED_FREQ_LOW
PA8.Locked=true
PA8.PinState=GPIO_PIN_SET
PA8.Signal=GPIO_Output
PA9.GPIOParameters=GPIO_Speed,GPIO_PuPd,GPIO_Label,GPIO_Mode
PA9.GPIO_Label=XBEE_TX
PA9.GPIO_Mode=GPIO_MODE_AF_PP
PA9.GPIO_PuPd=GPIO_PULLUP
PA9.GPIO_Speed=GPIO_SPEED_FREQ_VERY_HIGH
PA9.Locked=true
PA9.Mode=Asynchronous
PA9.Signal=USART1_TX
PB0.GPIOParameters=GPIO_Speed,PinState,GPIO_PuPd,GPIO_Label,GPIO_ModeDefaultOutputPP
PB0.GPIO_Label=CELL2_BALANCE
PB0.GPIO_ModeDefaultOutputPP=GPIO_MODE_OUTPUT_PP
PB0.GPIO_PuPd=GPIO_NOPULL
PB0.GPIO_Speed=GPIO_SPEED_FREQ_LOW
PB0.Locked=true
PB0.PinState=GPIO_PIN_RESET
PB0.Signal=GPIO_Output
PB1.GPIOParameters=GPIO_Speed,PinState,GPIO_PuPd,GPIO_Label,GPIO_ModeDefaultOutputPP
PB1.GPIO_Label=CELL1_BALANCE
PB1.GPIO_ModeDefaultOutputPP=GPIO_MODE_OUTPUT_PP
PB1.GPIO_PuPd=GPIO_NOPULL
PB1.GPIO_Speed=GPIO_SPEED_FREQ_LOW
PB1.Locked=true
PB1.PinState=GPIO_PIN_RESET
PB1.Signal=GPIO_Output
PB10.GPIOParameters=GPIO_Speed,PinState,GPIO_PuPd,GPIO_Label,GPIO_ModeDefaultOutputPP
PB10.GPIO_Label=MEM_BLUE
PB10.GPIO_ModeDefaultOutputPP=GPIO_MODE_OUTPUT_PP
PB10.GPIO_PuPd=GPIO_NOPULL
PB10.GPIO_Speed=GPIO_SPEED_FREQ_LOW
PB10.Locked=true
PB10.PinState=GPIO_PIN_RESET
PB10.Signal=GPIO_Output
PB12.GPIOParameters=GPIO_Speed,PinState,GPIO_PuPd,GPIO_Label,GPIO_ModeDefaultOutputPP
PB12.GPIO_Label=FLASH_CS
PB12.GPIO_ModeDefaultOutputPP=GPIO_MODE_OUTPUT_PP
PB12.GPIO_PuPd=GPIO_NOPULL
PB12.GPIO_Speed=GPIO_SPEED_FREQ_LOW
PB12.Locked=true
PB12.PinState=GPIO_PIN_RESET
PB12.Signal=GPIO_Output
PB13.GPIOParameters=GPIO_Label
PB13.GPIO_Label=FLASH_SCK
PB13.Locked=true
PB13.Mode=Full_Duplex_Master
PB13.Signal=SPI2_SCK
PB14.GPIOParameters=GPIO_Label
PB14.GPIO_Label=FLASH_MISO
PB14.Locked=true
PB14.Mode=Full_Duplex_Master
PB14.Signal=SPI2_MISO
PB15.GPIOParameters=GPIO_Label
PB15.GPIO_Label=FLASH_MOSI
PB15.Locked=true
PB15.Mode=Full_Duplex_Master
PB15.Signal=SPI2_MOSI
PB2.GPIOParameters=GPIO_Speed,PinState,GPIO_PuPd,GPIO_Label,GPIO_ModeDefaultOutputPP
PB2.GPIO_Label=MEM_GREEN
PB2.GPIO_ModeDefaultOutputPP=GPIO_MODE_OUTPUT_PP
PB2.GPIO_PuPd=GPIO_NOPULL
PB2.GPIO_Speed=GPIO_SPEED_FREQ_LOW
PB2.Locked=true
PB2.PinState=GPIO_PIN_RESET
PB2.Signal=GPIO_Output
PB3.GPIOParameters=GPIO_Speed,PinState,GPIO_PuPd,GPIO_Label,GPIO_ModeDefaultOutputPP
PB3.GPIO_Label=COM_RED
PB3.GPIO_ModeDefaultOutputPP=GPIO_MODE_OUTPUT_PP
PB3.GPIO_PuPd=GPIO_NOPULL
PB3.GPIO_Speed=GPIO_SPEED_FREQ_LOW
PB3.Locked=true
PB3.PinState=GPIO_PIN_RESET
PB3.Signal=GPIO_Output
PB4.GPIOParameters=GPIO_Speed,PinState,GPIO_PuPd,GPIO_Label,GPIO_ModeDefaultOutputPP
PB4.GPIO_Label=WDI_13V
PB4.GPIO_ModeDefaultOutputPP=GPIO_MODE_OUTPUT_PP
PB4.GPIO_PuPd=GPIO_NOPULL
PB4.GPIO_Speed=GPIO_SPEED_FREQ_LOW
PB4.Locked=true
PB4.PinState=GPIO_PIN_RESET
PB4.Signal=GPIO_Output
PB5.Locked=true
PB5.Mode=Slave
PB5.Signal=CAN2_RX
PB6.Locked=true
PB6.Mode=Slave
PB6.Signal=CAN2_TX
PB7.GPIOParameters=GPIO_Speed,PinState,GPIO_PuPd,GPIO_Label,GPIO_ModeDefaultOutputPP
PB7.GPIO_Label=MR_5V5
PB7.GPIO_ModeDefaultOutputPP=GPIO_MODE_OUTPUT_OD
PB7.GPIO_PuPd=GPIO_NOPULL
PB7.GPIO_Speed=GPIO_SPEED_FREQ_LOW
PB7.Locked=true
PB7.PinState=GPIO_PIN_SET
PB7.Signal=GPIO_Output
PB8.GPIOParameters=GPIO_Label
PB8.GPIO_Label=CHARGER_SCL
PB8.Locked=true
PB8.Mode=I2C
PB8.Signal=I2C1_SCL
PB9.GPIOParameters=GPIO_Label
PB9.GPIO_Label=CHARGER_SDA
PB9.Locked=true
PB9.Mode=I2C
PB9.Signal=I2C1_SDA
PC1.GPIOParameters=GPIO_PuPd,GPIO_Label,GPIO_Mode
PC1.GPIO_Label=BACKUP_VALID
PC1.GPIO_Mode=GPIO_MODE_INPUT
PC1.GPIO_PuPd=GPIO_NOPULL
PC1.Locked=true
PC1.Signal=GPIO_Input
PC10.GPIOParameters=GPIO_Speed,PinState,GPIO_PuPd,GPIO_Label,GPIO_ModeDefaultOutputPP
PC10.GPIO_Label=WDI_7V4
PC10.GPIO_ModeDefaultOutputPP=GPIO_MODE_OUTPUT_PP
PC10.GPIO_PuPd=GPIO_NOPULL
PC10.GPIO_Speed=GPIO_SPEED_FREQ_LOW
PC10.Locked=true
PC10.PinState=GPIO_PIN_RESET
PC10.Signal=GPIO_Output
PC11.GPIOParameters=GPIO_Speed,PinState,GPIO_PuPd,GPIO_Label,GPIO_ModeDefaultOutputPP
PC11.GPIO_Label=WDI_3V8
PC11.GPIO_ModeDefaultOutputPP=GPIO_MODE_OUTPUT_PP
PC11.GPIO_PuPd=GPIO_NOPULL
PC11.GPIO_Speed=GPIO_SPEED_FREQ_LOW
PC11.Locked=true
PC11.PinState=GPIO_PIN_RESET
PC11.Signal=GPIO_Output
PC12.GPIOParameters=GPIO_Speed,PinState,GPIO_PuPd,GPIO_Label,GPIO_ModeDefaultOutputPP
PC12.GPIO_Label=WDI_5V5
PC12.GPIO_ModeDefaultOutputPP=GPIO_MODE_OUTPUT_PP
PC12.GPIO_PuPd=GPIO_NOPULL
PC12.GPIO_Speed=GPIO_SPEED_FREQ_LOW
PC12.Locked=true
PC12.PinState=GPIO_PIN_RESET
PC12.Signal=GPIO_Output
PC13.GPIOParameters=GPIO_Speed,PinState,GPIO_PuPd,GPIO_Label,GPIO_ModeDefaultOutputPP
PC13.GPIO_Label=COM_GREEN
PC13.GPIO_ModeDefaultOutputPP=GPIO_MODE_OUTPUT_PP
PC13.GPIO_PuPd=GPIO_NOPULL
PC13.GPIO_Speed=GPIO_SPEED_FREQ_LOW
PC13.Locked=true
PC13.PinState=GPIO_PIN_RESET
PC13.Signal=GPIO_Output
PC14-OSC32_IN.GPIOParameters=GPIO_Speed,PinState,GPIO_PuPd,GPIO_Label,GPIO_ModeDefaultOutputPP
PC14-OSC32_IN.GPIO_Label=COM_BLUE
PC14-OSC32_IN.GPIO_ModeDefaultOutputPP=GPIO_MODE_OUTPUT_PP
PC14-OSC32_IN.GPIO_PuPd=GPIO_NOPULL
PC14-OSC32_IN.GPIO_Speed=GPIO_SPEED_FREQ_LOW
PC14-OSC32_IN.Locked=true
PC14-OSC32_IN.PinState=GPIO_PIN_RESET
PC14-OSC32_IN.Signal=GPIO_Output
PC15-OSC32_OUT.GPIOParameters=GPIO_Speed,PinState,GPIO_PuPd,GPIO_Label,GPIO_ModeDefaultOutputPP
PC15-OSC32_OUT.GPIO_Label=IND_LED
PC15-OSC32_OUT.GPIO_ModeDefaultOutputPP=GPIO_MODE_OUTPUT_PP
PC15-OSC32_OUT.GPIO_PuPd=GPIO_NOPULL
PC15-OSC32_OUT.GPIO_Speed=GPIO_SPEED_FREQ_LOW
PC15-OSC32_OUT.Locked=true
PC15-OSC32_OUT.PinState=GPIO_PIN_RESET
PC15-OSC32_OUT.Signal=GPIO_Output
PC2.GPIOParameters=GPIO_PuPd,GPIO_Label,GPIO_Mode
PC2.GPIO_Label=MAIN_VALID
PC2.GPIO_Mode=GPIO_MODE_INPUT
PC2.GPIO_PuPd=GPIO_NOPULL
PC2.Locked=true
PC2.Signal=GPIO_Input
PC3.GPIOParameters=GPIO_PuPd,GPIO_Label,GPIO_Mode
PC3.GPIO_Label=EXTERNAL_VALID
PC3.GPIO_Mode=GPIO_MODE_INPUT
PC3.GPIO_PuPd=GPIO_NOPULL
PC3.Locked=true
PC3.Signal=GPIO_Input
PC4.GPIOParameters=GPIO_Speed,PinState,GPIO_PuPd,GPIO_Label,GPIO_ModeDefaultOutputPP
PC4.GPIO_Label=CELL4_BALANCE
PC4.GPIO_ModeDefaultOutputPP=GPIO_MODE_OUTPUT_PP
PC4.GPIO_PuPd=GPIO_NOPULL
PC4.GPIO_Speed=GPIO_SPEED_FREQ_LOW
PC4.Locked=true
PC4.PinState=GPIO_PIN_RESET
PC4.Signal=GPIO_Output
PC5.GPIOParameters=GPIO_Speed,PinState,GPIO_PuPd,GPIO_Label,GPIO_ModeDefaultOutputPP
PC5.GPIO_Label=CELL3_BALANCE
PC5.GPIO_ModeDefaultOutputPP=GPIO_MODE_OUTPUT_PP
PC5.GPIO_PuPd=GPIO_NOPULL
PC5.GPIO_Speed=GPIO_SPEED_FREQ_LOW
PC5.Locked=true
PC5.PinState=GPIO_PIN_RESET
PC5.Signal=GPIO_Output
PC6.GPIOParameters=GPIO_Speed,GPIO_PuPd,GPIO_Label,GPIO_Mode
PC6.GPIO_Label=STLINK_TX
PC6.GPIO_Mode=GPIO_MODE_AF_PP
PC6.GPIO_PuPd=GPIO_PULLUP
PC6.GPIO_Speed=GPIO_SPEED_FREQ_VERY_HIGH
PC6.Mode=Asynchronous
PC6.Signal=USART6_TX
PC7.GPIOParameters=GPIO_Speed,GPIO_PuPd,GPIO_Label,GPIO_Mode
PC7.GPIO_Label=STLINK_RX
PC7.GPIO_Mode=GPIO_MODE_AF_PP
PC7.GPIO_PuPd=GPIO_PULLUP
PC7.GPIO_Speed=GPIO_SPEED_FREQ_VERY_HIGH
PC7.Mode=Asynchronous
PC7.Signal=USART6_RX
PC8.GPIOParameters=GPIO_Speed,PinState,GPIO_PuPd,GPIO_Label,GPIO_ModeDefaultOutputPP
PC8.GPIO_Label=MEM_RED
PC8.GPIO_ModeDefaultOutputPP=GPIO_MODE_OUTPUT_PP
PC8.GPIO_PuPd=GPIO_NOPULL
PC8.GPIO_Speed=GPIO_SPEED_FREQ_LOW
PC8.Locked=true
PC8.PinState=GPIO_PIN_RESET
PC8.Signal=GPIO_Output
PC9.GPIOParameters=GPIO_Speed,PinState,GPIO_PuPd,GPIO_Label,GPIO_ModeDefaultOutputPP
PC9.GPIO_Label=MR_7V4
PC9.GPIO_ModeDefaultOutputPP=GPIO_MODE_OUTPUT_OD
PC9.GPIO_PuPd=GPIO_NOPULL
PC9.GPIO_Speed=GPIO_SPEED_FREQ_LOW
PC9.Locked=true
PC9.PinState=GPIO_PIN_SET
PC9.Signal=GPIO_Output
PD2.GPIOParameters=GPIO_Speed,PinState,GPIO_PuPd,GPIO_Label,GPIO_ModeDefaultOutputPP
PD2.GPIO_Label=WDI_6V6
PD2.GPIO_ModeDefaultOutputPP=GPIO_MODE_OUTPUT_PP
PD2.GPIO_PuPd=GPIO_NOPULL
PD2.GPIO_Speed=GPIO_SPEED_FREQ_LOW
PD2.Locked=true
PD2.PinState=GPIO_PIN_RESET
PD2.Signal=GPIO_Output
PH0-OSC_IN.GPIOParameters=GPIO_Speed,PinState,GPIO_PuPd,GPIO_Label,GPIO_ModeDefaultOutputPP
PH0-OSC_IN.GPIO_Label=LOOP_LED
PH0-OSC_IN.GPIO_ModeDefaultOutputPP=GPIO_MODE_OUTPUT_PP
PH0-OSC_IN.GPIO_PuPd=GPIO_NOPULL
PH0-OSC_IN.GPIO_Speed=GPIO_SPEED_FREQ_LOW
PH0-OSC_IN.Locked=true
PH0-OSC_IN.PinState=GPIO_PIN_RESET
PH0-OSC_IN.Signal=GPIO_Output
PH1-OSC_OUT.GPIOParameters=GPIO_Speed,PinState,GPIO_PuPd,GPIO_Label,GPIO_ModeDefaultOutputPP
PH1-OSC_OUT.GPIO_Label=MAIN_SUPPLY_DIS
PH1-OSC_OUT.GPIO_ModeDefaultOutputPP=GPIO_MODE_OUTPUT_PP
PH1-OSC_OUT.GPIO_PuPd=GPIO_NOPULL
PH1-OSC_OUT.GPIO_Speed=GPIO_SPEED_FREQ_LOW
PH1-OSC_OUT.Locked=true
PH1-OSC_OUT.PinState=GPIO_PIN_RESET
PH1-OSC_OUT.Signal=GPIO_Output
PinOutPanel.RotationAngle=0
ProjectManager.AskForMigrate=true
ProjectManager.BackupPrevious=false
ProjectManager.CompilerOptimize=6
ProjectManager.ComputerToolchain=false
ProjectManager.CoupleFile=true
ProjectManager.CustomerFirmwarePackage=
ProjectManager.DefaultFWLocation=true
ProjectManager.DeletePrevious=true
ProjectManager.DeviceId=STM32F446RETx
ProjectManager.FirmwarePackage=STM32Cube FW_F4 V1.25.0
ProjectManager.FreePins=false
ProjectManager.HalAssertFull=false
ProjectManager.HeapSize=0x200
ProjectManager.KeepUserCode=true
ProjectManager.LastFirmware=true
ProjectManager.LibraryCopy=1
ProjectManager.MainLocation=Src
ProjectManager.NoMain=false
ProjectManager.PreviousToolchain=SW4STM32
ProjectManager.ProjectBuild=false
ProjectManager.ProjectFileName=Pauek.ioc
ProjectManager.ProjectName=Pauek
ProjectManager.StackSize=0x400
ProjectManager.TargetToolchain=SW4STM32
ProjectManager.ToolChainLocation=
ProjectManager.UnderRoot=true
ProjectManager.functionlistsort=1-MX_GPIO_Init-GPIO-false-HAL-true,2-MX_DMA_Init-DMA-false-HAL-true,3-SystemClock_Config-RCC-false-HAL-false,4-MX_ADC1_Init-ADC1-false-HAL-true,5-MX_CAN1_Init-CAN1-false-HAL-true,6-MX_CAN2_Init-CAN2-false-HAL-true,7-MX_CRC_Init-CRC-false-HAL-true,8-MX_I2C1_Init-I2C1-false-HAL-true,9-MX_SPI2_Init-SPI2-false-HAL-true,10-MX_USART1_UART_Init-USART1-false-HAL-true,11-MX_USART6_UART_Init-USART6-false-HAL-true,12-MX_TIM8_Init-TIM8-false-HAL-true
RCC.AHBFreq_Value=180000000
RCC.APB1CLKDivider=RCC_HCLK_DIV4
RCC.APB1Freq_Value=45000000
RCC.APB1TimFreq_Value=90000000
RCC.APB2CLKDivider=RCC_HCLK_DIV2
RCC.APB2Freq_Value=90000000
RCC.APB2TimFreq_Value=180000000
RCC.CECFreq_Value=32786.88524590164
RCC.CortexFreq_Value=180000000
RCC.FCLKCortexFreq_Value=180000000
RCC.FMPI2C1Freq_Value=45000000
RCC.FamilyName=M
RCC.HCLKFreq_Value=180000000
RCC.IPParameters=AHBFreq_Value,APB1CLKDivider,APB1Freq_Value,APB1TimFreq_Value,APB2CLKDivider,APB2Freq_Value,APB2TimFreq_Value,CECFreq_Value,CortexFreq_Value,FCLKCortexFreq_Value,FMPI2C1Freq_Value,FamilyName,HCLKFreq_Value,MCO2PinFreq_Value,PLLCLKFreq_Value,PLLI2SPCLKFreq_Value,PLLI2SQCLKFreq_Value,PLLI2SRCLKFreq_Value,PLLM,PLLN,PLLQCLKFreq_Value,PLLRCLKFreq_Value,PLLSAIPCLKFreq_Value,PLLSAIQCLKFreq_Value,PWRFreq_Value,SAIAFreq_Value,SAIBFreq_Value,SDIOFreq_Value,SPDIFRXFreq_Value,SYSCLKFreq_VALUE,SYSCLKSource,USBFreq_Value,VCOI2SInputFreq_Value,VCOI2SOutputFreq_Value,VCOInputFreq_Value,VCOOutputFreq_Value,VCOSAIInputFreq_Value,VCOSAIOutputFreq_Value
RCC.MCO2PinFreq_Value=180000000
RCC.PLLCLKFreq_Value=180000000
RCC.PLLI2SPCLKFreq_Value=96000000
RCC.PLLI2SQCLKFreq_Value=96000000
RCC.PLLI2SRCLKFreq_Value=96000000
RCC.PLLM=8
RCC.PLLN=180
RCC.PLLQCLKFreq_Value=180000000
RCC.PLLRCLKFreq_Value=180000000
RCC.PLLSAIPCLKFreq_Value=96000000
RCC.PLLSAIQCLKFreq_Value=96000000
RCC.PWRFreq_Value=180000000
RCC.SAIAFreq_Value=96000000
RCC.SAIBFreq_Value=96000000
RCC.SDIOFreq_Value=180000000
RCC.SPDIFRXFreq_Value=180000000
RCC.SYSCLKFreq_VALUE=180000000
RCC.SYSCLKSource=RCC_SYSCLKSOURCE_PLLCLK
RCC.USBFreq_Value=180000000
RCC.VCOI2SInputFreq_Value=1000000
RCC.VCOI2SOutputFreq_Value=192000000
RCC.VCOInputFreq_Value=2000000
RCC.VCOOutputFreq_Value=360000000
RCC.VCOSAIInputFreq_Value=1000000
RCC.VCOSAIOutputFreq_Value=192000000
SH.ADCx_IN0.0=ADC1_IN0,IN0
SH.ADCx_IN0.ConfNb=1
SH.ADCx_IN1.0=ADC1_IN1,IN1
SH.ADCx_IN1.ConfNb=1
SH.ADCx_IN2.0=ADC1_IN2,IN2
SH.ADCx_IN2.ConfNb=1
SH.ADCx_IN4.0=ADC1_IN4,IN4
SH.ADCx_IN4.ConfNb=1
SH.ADCx_IN5.0=ADC1_IN5,IN5
SH.ADCx_IN5.ConfNb=1
SH.ADCx_IN6.0=ADC1_IN6,IN6
SH.ADCx_IN6.ConfNb=1
SH.ADCx_IN7.0=ADC1_IN7,IN7
SH.ADCx_IN7.ConfNb=1
SPI2.CalculateBaudRate=22.5 MBits/s
SPI2.Direction=SPI_DIRECTION_2LINES
SPI2.IPParameters=VirtualType,Mode,Direction,CalculateBaudRate
SPI2.Mode=SPI_MODE_MASTER
SPI2.VirtualType=VM_MASTER
TIM8.IPParameters=Prescaler,Period,TIM_MasterOutputTrigger
TIM8.Period=999
TIM8.Prescaler=8999
TIM8.TIM_MasterOutputTrigger=TIM_TRGO_UPDATE
USART1.IPParameters=VirtualMode
USART1.VirtualMode=VM_ASYNC
USART6.IPParameters=VirtualMode
USART6.VirtualMode=VM_ASYNC
VP_CRC_VS_CRC.Mode=CRC_Activate
VP_CRC_VS_CRC.Signal=CRC_VS_CRC
VP_SYS_VS_Systick.Mode=SysTick
VP_SYS_VS_Systick.Signal=SYS_VS_Systick
VP_TIM8_VS_ClockSourceINT.Mode=Internal
VP_TIM8_VS_ClockSourceINT.Signal=TIM8_VS_ClockSourceINT
board=custom
