#MicroXplorer Configuration settings - do not modify
PF7.GPIOParameters=GPIO_Label
PF4.Mode=IN14
PD12.GPIO_Label=XBEE_RX_LED
PC7.GPIOParameters=GPIO_Label
USART2.IPParameters=VirtualMode
Dma.QUADSPI.9.MemDataAlignment=DMA_MDATAALIGN_BYTE
Dma.SPI4_TX.6.PeriphInc=DMA_PINC_DISABLE
VP_ADC1_TempSens_Input.Mode=IN-TempSens
PG8.Signal=GPIO_Output
PG8.Locked=true
PG0.Locked=true
RCC.PLLQCLKFreq_Value=45000000
PG0.Signal=GPIO_Output
PC7.Locked=true
PD8.Locked=true
PD0.Locked=true
ADC2.SamplingTime-4\#ChannelRegularConversion=ADC_SAMPLETIME_480CYCLES
PD2.GPIOParameters=GPIO_Label
PG14.GPIOParameters=GPIO_Label
SH.S_TIM1_CH1.ConfNb=1
USART1.IPParameters=VirtualMode,BaudRate
PA2.GPIOParameters=GPIO_Label
PG2.GPIOParameters=GPIO_Label
Dma.SPI2_TX.4.PeriphDataAlignment=DMA_PDATAALIGN_BYTE
NVIC.SVCall_IRQn=true\:0\:0\:false\:false\:false\:false\:false
SH.S_TIM3_CH2.ConfNb=1
PF7.Signal=GPIO_Output
ADC3.Rank-7\#ChannelRegularConversion=6
NVIC.CAN1_TX_IRQn=true\:5\:0\:true\:false\:true\:true\:true
RCC.APB2TimFreq_Value=180000000
PB6.Signal=USART1_TX
Dma.ADC1.0.Direction=DMA_PERIPH_TO_MEMORY
PC7.Signal=S_TIM8_CH2
PD0.Signal=CAN1_RX
ADC3.ScanConvMode=ENABLE
PD8.Signal=USART3_TX
QUADSPI.FlashSize=31
ADC2.EOCSelection=ADC_EOC_SEQ_CONV
Dma.ADC1.0.MemDataAlignment=DMA_MDATAALIGN_HALFWORD
PE14.Locked=true
NVIC.EXTI15_10_IRQn=true\:5\:0\:true\:false\:true\:true\:true
ProjectManager.ProjectBuild=false
NVIC.UsageFault_IRQn=true\:0\:0\:false\:false\:true\:false\:false
ADC1.ScanConvMode=ENABLE
PA8.Locked=true
Dma.USART2_RX.7.Priority=DMA_PRIORITY_LOW
Dma.SPI4_TX.6.RequestParameters=Instance,Direction,PeriphInc,MemInc,PeriphDataAlignment,MemDataAlignment,Mode,Priority,FIFOMode
PF1.GPIO_Label=IGN
SH.ADCx_IN15.0=ADC2_IN15,IN15
SH.GPXTI12.0=GPIO_EXTI12
PB12.GPIO_Label=ADS_DRDY
PG14.Mode=Asynchronous
ProjectManager.FirmwarePackage=STM32Cube FW_F4 V1.25.0
PF12.GPIO_Label=RELAY6
Dma.ADC2.1.Instance=DMA2_Stream2
ProjectManager.BackupPrevious=false
PC4.GPIO_Label=SERVO6_CURRENT
TIM1.Channel-PWM\ Generation1\ CH1=TIM_CHANNEL_1
PE9.Signal=QUADSPI_BK2_IO2
PE9.Locked=true
PB14.Mode=Full_Duplex_Master
ADC3.SamplingTime-5\#ChannelRegularConversion=ADC_SAMPLETIME_480CYCLES
PB1.GPIO_Label=RELAY8
PG4.GPIO_Label=COM_BLUE
PF10.Locked=true
PF13.Locked=true
PA8.Signal=S_TIM1_CH1
PF2.Locked=true
RCC.PLLRCLKFreq_Value=180000000
PE13.Mode=Full_Duplex_Master
PB6.Locked=true
RCC.PLLI2SoutputFreq_Value=48000000
ProjectManager.HalAssertFull=false
Mcu.Package=LQFP144
PB9.Signal=I2C1_SDA
PB1.Signal=GPIO_Output
PA5.Locked=true
NVIC.TimeBase=TIM8_UP_TIM13_IRQn
SPI2.Mode=SPI_MODE_MASTER
RCC.I2S2Freq_Value=48000000
ADC2.Rank-6\#ChannelRegularConversion=6
PD12.Signal=GPIO_Output
ADC2.Channel-1\#ChannelRegularConversion=ADC_CHANNEL_4
NVIC.TimeBaseIP=TIM13
USART3.IPParameters=VirtualMode
PA10.Signal=S_TIM1_CH3
Dma.SPI4_RX.5.Mode=DMA_NORMAL
PF7.Locked=true
PC11.Mode=Single Bank 2
Dma.USART2_RX.7.Mode=DMA_NORMAL
ADC3.DMAContinuousRequests=ENABLE
RCC.APB2CLKDivider=RCC_HCLK_DIV2
RCC.APB1TimFreq_Value=90000000
Dma.USART2_TX.8.PeriphInc=DMA_PINC_DISABLE
PB13.Mode=Full_Duplex_Master
VP_TIM14_VS_ClockSourceINT.Mode=Enable_Timer
NVIC.DMA1_Stream6_IRQn=true\:5\:0\:true\:false\:true\:false\:true
PD5.Locked=true
PA4.GPIO_Label=KOZACKIE_CURRENT
ADC1.EOCSelection=ADC_EOC_SEQ_CONV
PD15.Signal=GPIO_Output
ADC2.ScanConvMode=ENABLE
RCC.PLLSAIQCLKFreq_Value=96000000
PE12.Mode=Full_Duplex_Master
Dma.QUADSPI.9.Direction=DMA_PERIPH_TO_MEMORY
PA6.GPIOParameters=GPIO_Label
Mcu.Pin80=PD2
PD6.GPIOParameters=GPIO_Label
Mcu.Pin81=PD3
ProjectManager.ProjectFileName=Kromek.ioc
Mcu.Pin79=PD1
Mcu.PinsNb=100
Dma.SPI2_TX.4.Direction=DMA_MEMORY_TO_PERIPH
Mcu.Pin73=PA13
Mcu.Pin74=PA14
SH.ADCx_IN6.0=ADC2_IN6,IN6
Mcu.Pin71=PA9
Mcu.Pin72=PA10
Mcu.Pin77=PC12
PG5.Locked=true
Mcu.Pin78=PD0
PG5.Signal=GPIO_Output
Mcu.Pin75=PA15
PG3.Locked=true
Mcu.Pin76=PC11
CAN1.IPParameters=CalculateTimeQuantum,Prescaler,BS1,BS2
PD3.Signal=GPIO_Output
Mcu.Pin70=PA8
PG9.Mode=Asynchronous
PC2.Signal=ADCx_IN12
Mcu.Pin68=PC8
Mcu.Pin69=PC9
PB14.Locked=true
PC14-OSC32_IN.Signal=RCC_OSC32_IN
PD6.Mode=Asynchronous
ADC2.SamplingTime-5\#ChannelRegularConversion=ADC_SAMPLETIME_480CYCLES
Mcu.Pin62=PG5
PG14.Locked=true
Mcu.Pin63=PG6
Mcu.Pin60=PG3
Mcu.Pin61=PG4
Mcu.Pin66=PC6
Mcu.Pin67=PC7
Mcu.Pin64=PG7
Mcu.Pin65=PG8
PF8.GPIO_Label=ENABLE2
PC3.GPIOParameters=GPIO_Label
PD10.Signal=GPIO_Output
PA15.Locked=true
Dma.USART2_TX.8.Instance=DMA1_Stream6
PA8.GPIO_Label=SERVO4
Mcu.Pin59=PG2
Dma.QUADSPI.9.Mode=DMA_NORMAL
Mcu.Pin57=PD14
Mcu.Pin58=PD15
Mcu.Pin51=PD8
Mcu.Pin52=PD9
Mcu.Pin50=PB15
Mcu.Pin55=PD12
Mcu.Pin56=PD13
Mcu.Pin53=PD10
Mcu.Pin54=PD11
Dma.ADC1.0.Priority=DMA_PRIORITY_LOW
TIM1.Channel-PWM\ Generation2\ CH2=TIM_CHANNEL_2
Dma.USART2_TX.8.FIFOMode=DMA_FIFOMODE_DISABLE
PB9.Locked=true
PB11.GPIOParameters=GPIO_Label
PD8.Mode=Asynchronous
Mcu.Pin48=PB13
Mcu.Pin49=PB14
Mcu.Pin46=PB11
Mcu.Pin47=PB12
PB14.Signal=SPI2_MISO
PG6.GPIOParameters=GPIO_Label
Dma.SPI4_RX.5.Priority=DMA_PRIORITY_LOW
PA5.Signal=ADCx_IN5
Mcu.Pin40=PE9
Mcu.Pin41=PE10
Dma.ADC2.1.FIFOMode=DMA_FIFOMODE_DISABLE
Dma.SPI4_TX.6.FIFOMode=DMA_FIFOMODE_DISABLE
Mcu.Pin44=PE14
PC12.Mode=Asynchronous
Mcu.Pin45=PE15
Mcu.Pin42=PE12
Mcu.Pin43=PE13
PD1.Mode=Master
ADC2.Channel-2\#ChannelRegularConversion=ADC_CHANNEL_5
TIM1.TIM_MasterOutputTrigger=TIM_TRGO_RESET
PE14.Signal=SPI4_MOSI
ADC3.Channel-5\#ChannelRegularConversion=ADC_CHANNEL_13
Mcu.Pin37=PG1
Mcu.Pin38=PE7
Mcu.Pin35=PF15
Mcu.Pin36=PG0
RCC.PLLI2SPCLKFreq_Value=48000000
SH.ADCx_IN0.ConfNb=1
Mcu.Pin39=PE8
PG7.GPIO_Label=MEM_BLUE
PF4.GPIO_Label=RES_WIRE_CURRENT
VP_ADC1_TempSens_Input.Signal=ADC1_TempSens_Input
Mcu.Pin30=PB2
PA1.GPIO_Label=SERVO2_CURRENT
SH.ADCx_IN12.ConfNb=1
Mcu.Pin33=PF13
Mcu.Pin34=PF14
Mcu.Pin31=PF11
SH.ADCx_IN4.0=ADC2_IN4,IN4
Mcu.Pin32=PF12
NVIC.NonMaskableInt_IRQn=true\:0\:0\:false\:false\:true\:false\:false
PF13.Signal=GPIO_Output
Dma.ADC2.1.MemInc=DMA_MINC_ENABLE
PC9.GPIOParameters=GPIO_Label
PF9.GPIOParameters=GPIO_Label
RCC.PLLI2SQCLKFreq_Value=48000000
Mcu.Pin26=PC4
Mcu.Pin27=PC5
NVIC.DMA2_Stream4_IRQn=true\:5\:0\:true\:false\:true\:false\:true
Mcu.Pin24=PA6
Mcu.Pin25=PA7
ADC1.ExternalTrigConv=ADC_SOFTWARE_START
TIM8.Period=0
Mcu.Pin28=PB0
PC7.GPIO_Label=SERVO7
Mcu.Pin29=PB1
PB4.Locked=true
ADC3.Rank-1\#ChannelRegularConversion=1
PD14.GPIOParameters=GPIO_Label
ADC1.Rank-16\#ChannelRegularConversion=6
Mcu.Pin22=PA4
Mcu.Pin23=PA5
Mcu.Pin20=PA2
ADC1.master=1
Mcu.Pin21=PA3
PA3.Locked=true
PD10.Locked=true
PA5.GPIO_Label=KOZACKIE_SERVO_VOLTAGE
PA10.Locked=true
ADC2.NbrOfConversionFlag=1
NVIC.ForceEnableDMAVector=true
TIM8.TIM_MasterOutputTrigger=TIM_TRGO_UPDATE
Dma.ADC3.2.PeriphInc=DMA_PINC_DISABLE
NVIC.MemoryManagement_IRQn=true\:0\:0\:false\:false\:true\:false\:false
PC12.GPIO_Label=STLINK_TX
PD15.Locked=true
ProjectManager.HeapSize=0x200
Mcu.Pin15=PC1
NVIC.HardFault_IRQn=true\:0\:0\:false\:false\:true\:false\:false
Mcu.Pin16=PC2
ADC3.EOCSelection=ADC_EOC_SEQ_CONV
Mcu.Pin13=PH1-OSC_OUT
Mcu.Pin14=PC0
PF10.GPIOParameters=GPIO_Label
Mcu.Pin19=PA1
Mcu.Pin17=PC3
Mcu.Pin18=PA0-WKUP
NVIC.PriorityGroup=NVIC_PRIORITYGROUP_4
Mcu.Pin11=PF10
PF0.GPIO_Label=IGN_TEST
Mcu.Pin12=PH0-OSC_IN
PG0.GPIOParameters=GPIO_Label
Mcu.Pin10=PF9
RCC.PWRFreq_Value=180000000
SH.ADCx_IN5.ConfNb=1
PF4.Signal=ADC3_IN14
TIM1.Channel-PWM\ Generation3\ CH3=TIM_CHANNEL_3
PD2.Signal=UART5_RX
Mcu.Family=STM32F4
ProjectManager.MainLocation=Src
Dma.SPI4_RX.5.Direction=DMA_PERIPH_TO_MEMORY
PG9.GPIOParameters=GPIO_Label
ProjectManager.KeepUserCode=true
ADC1.ContinuousConvMode=ENABLE
ADC3.Channel-3\#ChannelRegularConversion=ADC_CHANNEL_3
PG2.Signal=GPIO_Output
Dma.ADC3.2.Instance=DMA2_Stream0
USART1.BaudRate=57600
PG2.Locked=true
PC5.Locked=true
PF0.GPIOParameters=GPIO_Label
PA9.GPIOParameters=GPIO_Label
PD6.Locked=true
PD2.Locked=true
SH.S_TIM1_CH3.ConfNb=1
PC1.Locked=true
PG5.GPIO_Label=MEM_RED
PB15.Signal=SPI2_MOSI
PF12.GPIOParameters=GPIO_Label
PD9.Mode=Asynchronous
ADC1.Channel-14\#ChannelRegularConversion=ADC_CHANNEL_12
ADC3.Rank-2\#ChannelRegularConversion=2
PB5.GPIOParameters=GPIO_Label
Dma.SPI4_TX.6.Instance=DMA2_Stream1
PD13.Signal=GPIO_Output
Mcu.IP4=CRC
Mcu.IP5=DMA
RCC.FCLKCortexFreq_Value=180000000
Mcu.IP2=ADC3
PD13.Locked=true
Mcu.IP3=CAN1
PA15.GPIO_Label=FAN
Mcu.IP0=ADC1
Mcu.IP1=ADC2
PF9.Locked=true
PF1.GPIOParameters=GPIO_Label
Dma.ADC3.2.Priority=DMA_PRIORITY_LOW
RCC.SDIOFreq_Value=48000000
SH.ADCx_IN3.0=ADC3_IN3,IN3
ProjectManager.PreviousToolchain=SW4STM32
PF1.Locked=true
PG8.GPIOParameters=GPIO_Label
SH.ADCx_IN7.ConfNb=1
PA8.GPIOParameters=GPIO_Label
SPI4.IPParameters=VirtualType,Mode,Direction,CalculateBaudRate
Dma.SPI4_RX.5.MemDataAlignment=DMA_MDATAALIGN_BYTE
PD5.Mode=Asynchronous
TIM3.Channel-PWM\ Generation1\ CH1=TIM_CHANNEL_1
TIM8.IPParameters=Prescaler,Period,TIM_MasterOutputTrigger,Channel-PWM Generation2 CH2
PA0-WKUP.GPIOParameters=GPIO_Label
ADC1.Channel-0\#ChannelRegularConversion=ADC_CHANNEL_VREFINT
RCC.HSE_VALUE=8000000
NVIC.DebugMonitor_IRQn=true\:0\:0\:false\:false\:true\:false\:false
Mcu.IP10=SPI4
NVIC.SysTick_IRQn=true\:0\:0\:true\:false\:false\:false\:false
Mcu.IP12=TIM1
Mcu.IP11=SYS
Mcu.IP18=USART2
Mcu.IP17=USART1
Mcu.IP19=USART3
Mcu.IP14=TIM8
Mcu.IP13=TIM3
Mcu.IP16=UART5
Mcu.IP15=TIM14
PC14-OSC32_IN.Mode=LSE-External-Oscillator
RCC.VCOInputFreq_Value=2000000
PA14.Mode=Serial_Wire
Dma.USART2_RX.7.PeriphDataAlignment=DMA_PDATAALIGN_BYTE
PE8.Locked=true
PF11.Signal=GPIO_Output
PB7.Signal=USART1_RX
Mcu.IP20=USART6
Dma.ADC2.1.PeriphInc=DMA_PINC_DISABLE
SH.S_TIM3_CH1.0=TIM3_CH1,PWM Generation1 CH1
PF11.GPIOParameters=GPIO_Label
PB6.GPIOParameters=GPIO_Label
PB0.Locked=true
ADC1.Rank-15\#ChannelRegularConversion=5
Dma.SPI4_RX.5.PeriphInc=DMA_PINC_DISABLE
PH1-OSC_OUT.Mode=HSE-External-Oscillator
PB7.GPIO_Label=RS485_RX
PD13.GPIO_Label=ADC_RED
Dma.ADC3.2.RequestParameters=Instance,Direction,PeriphInc,MemInc,PeriphDataAlignment,MemDataAlignment,Mode,Priority,FIFOMode
PA6.Signal=ADCx_IN6
ADC2.SamplingTime-6\#ChannelRegularConversion=ADC_SAMPLETIME_480CYCLES
Dma.QUADSPI.9.FIFOMode=DMA_FIFOMODE_DISABLE
USART6.VirtualMode=VM_ASYNC
PD5.GPIO_Label=XBEE_TX
ProjectManager.ToolChainLocation=
PA15.Signal=GPIO_Output
PG0.GPIO_Label=RELAY2
PF8.Signal=GPIO_Output
ADC2.Rank-4\#ChannelRegularConversion=4
UART5.IPParameters=VirtualMode
Mcu.Pin95=VP_ADC1_TempSens_Input
Mcu.Pin96=VP_ADC1_Vref_Input
Mcu.Pin93=PB8
PF4.Locked=true
TIM8.Prescaler=0
Mcu.Pin94=PB9
Mcu.Pin99=VP_TIM14_VS_ClockSourceINT
SH.ADCx_IN1.0=ADC3_IN1,IN1
PB5.GPIO_Label=SERVO1
Mcu.Pin97=VP_CRC_VS_CRC
ADC2.NbrOfConversion=6
Mcu.Pin98=VP_SYS_VS_tim13
Dma.Request2=ADC3
Dma.Request1=ADC2
Dma.QUADSPI.9.Instance=DMA2_Stream7
Dma.Request4=SPI2_TX
Dma.Request3=SPI2_RX
Dma.Request6=SPI4_TX
Mcu.Pin91=PB6
Mcu.Pin92=PB7
Dma.Request5=SPI4_RX
Dma.Request8=USART2_TX
PC5.Signal=ADCx_IN15
PD3.GPIO_Label=AC_RELAY2
Mcu.Pin90=PB5
Dma.Request7=USART2_RX
PE7.Signal=QUADSPI_BK2_IO0
PD6.Signal=USART2_RX
Dma.Request0=ADC1
PF15.GPIOParameters=GPIO_Label
PE12.Locked=true
Dma.USART2_TX.8.PeriphDataAlignment=DMA_PDATAALIGN_BYTE
Mcu.Pin84=PD6
Mcu.Pin85=PG9
Mcu.Pin82=PD4
PB15.Locked=true
PB4.Signal=I2C3_SDA
PG2.GPIO_Label=COM_RED
Mcu.Pin83=PD5
PA3.Signal=ADCx_IN3
Mcu.Pin88=PB3
Mcu.Pin89=PB4
Mcu.Pin86=PG13
Mcu.Pin87=PG14
ADC3.SamplingTime-3\#ChannelRegularConversion=ADC_SAMPLETIME_480CYCLES
Dma.ADC3.2.MemDataAlignment=DMA_MDATAALIGN_HALFWORD
SH.ADCx_IN13.0=ADC3_IN13,IN13
PD15.GPIO_Label=ADC_BLUE
PG7.Locked=true
PG7.Signal=GPIO_Output
VP_TIM14_VS_ClockSourceINT.Signal=TIM14_VS_ClockSourceINT
PC9.GPIO_Label=SERVO5
PC11.Signal=QUADSPI_BK2_NCS
RCC.FMPI2C1Freq_Value=45000000
PC8.Signal=S_TIM3_CH3
ProjectManager.DefaultFWLocation=true
PD9.Signal=USART3_RX
PB12.Locked=true
ProjectManager.DeletePrevious=true
SH.S_TIM3_CH3.0=TIM3_CH3,PWM Generation3 CH3
RCC.FamilyName=M
PE15.GPIOParameters=GPIO_Label
PD8.GPIO_Label=EXT_UART_TX
PG8.GPIO_Label=CHECK_RESISTANCE
PA13.Signal=SYS_JTMS-SWDIO
Dma.SPI2_RX.3.MemInc=DMA_MINC_ENABLE
Dma.ADC1.0.PeriphDataAlignment=DMA_PDATAALIGN_HALFWORD
SH.S_TIM1_CH1.0=TIM1_CH1,PWM Generation1 CH1
CAN1.BS2=CAN_BS2_6TQ
CAN1.BS1=CAN_BS1_6TQ
PB7.GPIOParameters=GPIO_Label
PC5.GPIOParameters=GPIO_Label
RCC.I2S1Freq_Value=48000000
SH.GPXTI12.ConfNb=1
SPI2.IPParameters=VirtualType,Mode,Direction,CalculateBaudRate,BaudRatePrescaler
RCC.USBFreq_Value=48000000
PF9.GPIO_Label=BUZZER
PD10.GPIO_Label=ADS_RESET
PA1.Signal=ADCx_IN1
RCC.VCOI2SOutputFreq_Value=96000000
PD2.Mode=Asynchronous
Dma.QUADSPI.9.RequestParameters=Instance,Direction,PeriphInc,MemInc,PeriphDataAlignment,MemDataAlignment,Mode,Priority,FIFOMode
RCC.PLLSAIPCLKFreq_Value=48000000
board=custom
RCC.VCOOutputFreq_Value=360000000
PF14.GPIOParameters=GPIO_Label
PB15.Mode=Full_Duplex_Master
SH.ADCx_IN11.0=ADC1_IN11,IN11
MxCube.Version=5.6.1
VP_SYS_VS_tim13.Mode=TIM13
SH.ADCx_IN2.ConfNb=1
PC1.GPIO_Label=SERVOS2_VOLTAGE
PA10.GPIOParameters=GPIO_Label
PD4.GPIOParameters=GPIO_Label
PF15.GPIO_Label=RELAY3
PF14.Locked=true
ADC2.SamplingTime-3\#ChannelRegularConversion=ADC_SAMPLETIME_480CYCLES
PF1.Signal=GPIO_Output
ADC1.NbrOfConversion=6
RCC.IPParameters=AHBFreq_Value,APB1CLKDivider,APB1Freq_Value,APB1TimFreq_Value,APB2CLKDivider,APB2Freq_Value,APB2TimFreq_Value,CECFreq_Value,CortexFreq_Value,FCLKCortexFreq_Value,FMPI2C1Freq_Value,FamilyName,HCLKFreq_Value,HSE_VALUE,I2S1Freq_Value,I2S2Freq_Value,MCO2PinFreq_Value,PLLCLKFreq_Value,PLLI2SPCLKFreq_Value,PLLI2SQCLKFreq_Value,PLLI2SRCLKFreq_Value,PLLI2SoutputFreq_Value,PLLM,PLLN,PLLQ,PLLQCLKFreq_Value,PLLRCLKFreq_Value,PLLSAIM,PLLSAIN,PLLSAIP,PLLSAIPCLKFreq_Value,PLLSAIQCLKFreq_Value,PLLSAIoutputFreq_Value,PLLSourceVirtual,PWRFreq_Value,SAIAFreq_Value,SAIBFreq_Value,SDIOFreq_Value,SPDIFRXFreq_Value,SYSCLKFreq_VALUE,SYSCLKSource,USBCLockSelection,USBFreq_Value,VCOI2SInputFreq_Value,VCOI2SOutputFreq_Value,VCOInputFreq_Value,VCOOutputFreq_Value,VCOSAIInputFreq_Value,VCOSAIOutputFreq_Value
ProjectManager.AskForMigrate=false
Dma.SPI4_TX.6.Mode=DMA_NORMAL
PE12.Signal=SPI4_SCK
PB2.Locked=true
Mcu.IP8=RCC
Mcu.IP9=SPI2
Mcu.IP6=NVIC
Mcu.IP7=QUADSPI
RCC.VCOSAIInputFreq_Value=2000000
ProjectManager.CoupleFile=true
RCC.SYSCLKFreq_VALUE=180000000
PA1.Locked=true
KeepUserPlacement=false
Dma.SPI2_RX.3.RequestParameters=Instance,Direction,PeriphInc,MemInc,PeriphDataAlignment,MemDataAlignment,Mode,Priority,FIFOMode
USART3.VirtualMode=VM_ASYNC
PB2.Mode=Single Bank 2
PA13.Locked=true
Dma.ADC1.0.MemInc=DMA_MINC_ENABLE
PF13.GPIOParameters=GPIO_Label
PC6.GPIOParameters=GPIO_Label
SH.S_TIM1_CH3.0=TIM1_CH3,PWM Generation3 CH3
SH.S_TIM3_CH4.ConfNb=1
RCC.PLLQ=8
RCC.PLLM=4
RCC.PLLN=180
PB7.Locked=true
ADC2.Rank-1\#ChannelRegularConversion=1
PC8.Locked=true
NVIC.DMA1_Stream3_IRQn=true\:5\:0\:true\:false\:true\:false\:true
Dma.QUADSPI.9.PeriphDataAlignment=DMA_PDATAALIGN_BYTE
PD9.Locked=true
ADC3.NbrOfConversionFlag=1
VP_CRC_VS_CRC.Mode=CRC_Activate
ADC2.Channel-4\#ChannelRegularConversion=ADC_CHANNEL_7
SH.S_TIM8_CH2.ConfNb=1
Dma.ADC3.2.FIFOMode=DMA_FIFOMODE_DISABLE
Dma.SPI2_RX.3.Direction=DMA_PERIPH_TO_MEMORY
PB12.Signal=GPXTI12
PA3.GPIO_Label=SERVO4_CURRENT
PA6.Locked=true
PH0-OSC_IN.Locked=true
NVIC.CAN1_RX1_IRQn=true\:5\:0\:true\:false\:true\:true\:true
PH0-OSC_IN.Signal=RCC_OSC_IN
ADC1.Rank-14\#ChannelRegularConversion=4
SPI4.VirtualType=VM_MASTER
Dma.USART2_RX.7.FIFOMode=DMA_FIFOMODE_DISABLE
QUADSPI.ClockPrescaler=3
ADC2.SamplingTime-1\#ChannelRegularConversion=ADC_SAMPLETIME_480CYCLES
SPI2.VirtualType=VM_MASTER
PC12.Locked=true
TIM1.IPParameters=Channel-PWM Generation1 CH1,Channel-PWM Generation2 CH2,Channel-PWM Generation3 CH3,TIM_MasterOutputTrigger
PG4.Signal=GPIO_Output
PG4.Locked=true
Dma.SPI4_TX.6.MemInc=DMA_MINC_ENABLE
RCC.PLLCLKFreq_Value=180000000
PC12.Signal=UART5_TX
PG6.GPIO_Label=MEM_GREEN
PG3.GPIOParameters=GPIO_Label
PD3.GPIOParameters=GPIO_Label
PC6.GPIO_Label=SERVO8
PC3.Locked=true
PA3.GPIOParameters=GPIO_Label
Dma.SPI4_RX.5.RequestParameters=Instance,Direction,PeriphInc,MemInc,PeriphDataAlignment,MemDataAlignment,Mode,Priority,FIFOMode
PA6.GPIO_Label=SERVO5_CURRENT
PB6.GPIO_Label=RS485_TX
PD4.Locked=true
PB13.Signal=SPI2_SCK
RCC.SAIAFreq_Value=96000000
PD6.GPIO_Label=XBEE_RX
PG13.Signal=GPIO_Output
Dma.USART2_TX.8.Mode=DMA_NORMAL
PinOutPanel.RotationAngle=0
TIM3.Channel-PWM\ Generation4\ CH4=TIM_CHANNEL_4
RCC.SYSCLKSource=RCC_SYSCLKSOURCE_PLLCLK
Dma.SPI2_TX.4.PeriphInc=DMA_PINC_DISABLE
NVIC.SPI4_IRQn=true\:5\:0\:true\:false\:true\:true\:true
PD15.GPIOParameters=GPIO_Label
SH.S_TIM14_CH1.0=TIM14_CH1
PD4.Signal=GPIO_Output
ADC1.Channel-2\#ChannelRegularConversion=ADC_CHANNEL_11
ADC1.InjNumberOfConversion=0
PB6.Mode=Asynchronous
PC3.Signal=ADCx_IN13
PE10.Locked=true
PF10.GPIO_Label=ENABLE1
PB13.Locked=true
PG13.Locked=true
NVIC.TIM8_TRG_COM_TIM14_IRQn=true\:0\:0\:true\:false\:true\:true\:true
PB2.Signal=QUADSPI_CLK
ADC3.SamplingTime-2\#ChannelRegularConversion=ADC_SAMPLETIME_480CYCLES
PA4.Locked=true
SH.ADCx_IN14.ConfNb=1
PG1.GPIOParameters=GPIO_Label
VP_ADC1_Vref_Input.Mode=IN-Vrefint
MxDb.Version=DB.5.0.60
PB0.GPIOParameters=GPIO_Label
PE15.Locked=true
PA1.GPIOParameters=GPIO_Label
SH.ADCx_IN1.ConfNb=1
Dma.ADC1.0.PeriphInc=DMA_PINC_DISABLE
ADC3.ContinuousConvMode=ENABLE
Dma.ADC3.2.Direction=DMA_PERIPH_TO_MEMORY
Dma.SPI4_TX.6.PeriphDataAlignment=DMA_PDATAALIGN_BYTE
SPI2.CalculateBaudRate=22.5 MBits/s
PH1-OSC_OUT.Locked=true
ADC3.IPParameters=Rank-1\#ChannelRegularConversion,Channel-1\#ChannelRegularConversion,SamplingTime-1\#ChannelRegularConversion,NbrOfConversionFlag,ClockPrescaler,ScanConvMode,ContinuousConvMode,DMAContinuousRequests,NbrOfConversion,Rank-2\#ChannelRegularConversion,Channel-2\#ChannelRegularConversion,SamplingTime-2\#ChannelRegularConversion,Rank-3\#ChannelRegularConversion,Channel-3\#ChannelRegularConversion,SamplingTime-3\#ChannelRegularConversion,Rank-4\#ChannelRegularConversion,Channel-4\#ChannelRegularConversion,SamplingTime-4\#ChannelRegularConversion,Rank-5\#ChannelRegularConversion,Channel-5\#ChannelRegularConversion,SamplingTime-5\#ChannelRegularConversion,EOCSelection,Rank-7\#ChannelRegularConversion,Channel-7\#ChannelRegularConversion,SamplingTime-7\#ChannelRegularConversion
SH.ADCx_IN11.ConfNb=1
SH.ADCx_IN4.ConfNb=1
NVIC.PendSV_IRQn=true\:0\:0\:true\:false\:false\:false\:false
Dma.QUADSPI.9.PeriphInc=DMA_PINC_DISABLE
PF3.Signal=ADC3_IN9
ADC3.Channel-2\#ChannelRegularConversion=ADC_CHANNEL_2
Dma.SPI4_TX.6.Direction=DMA_MEMORY_TO_PERIPH
ADC1.Channel-15\#ChannelRegularConversion=ADC_CHANNEL_0
PE10.Signal=QUADSPI_BK2_IO3
ADC3.Rank-4\#ChannelRegularConversion=4
ADC1.SamplingTime-0\#ChannelRegularConversion=ADC_SAMPLETIME_480CYCLES
RCC.MCO2PinFreq_Value=180000000
PC8.GPIOParameters=GPIO_Label
CAN1.Prescaler=9
PF8.GPIOParameters=GPIO_Label
Dma.SPI4_RX.5.MemInc=DMA_MINC_ENABLE
PD11.Locked=true
SH.ADCx_IN14.0=ADC2_IN14,IN14
PG13.GPIOParameters=GPIO_Label
PG5.GPIOParameters=GPIO_Label
PD5.GPIOParameters=GPIO_Label
Dma.USART2_RX.7.MemInc=DMA_MINC_ENABLE
Dma.USART2_TX.8.MemDataAlignment=DMA_MDATAALIGN_BYTE
PE9.Mode=Single Bank 2
PA5.GPIOParameters=GPIO_Label
ADC1.SamplingTime-15\#ChannelRegularConversion=ADC_SAMPLETIME_480CYCLES
NVIC.DMA2_Stream2_IRQn=true\:5\:0\:true\:false\:true\:false\:true
RCC.CECFreq_Value=32786.88524590164
PF14.Signal=GPIO_Output
Dma.USART2_TX.8.Priority=DMA_PRIORITY_LOW
NVIC.BusFault_IRQn=true\:0\:0\:false\:false\:true\:false\:false
Dma.ADC1.0.FIFOMode=DMA_FIFOMODE_DISABLE
ADC2.Rank-2\#ChannelRegularConversion=2
ADC2.Channel-5\#ChannelRegularConversion=ADC_CHANNEL_14
NVIC.USART1_IRQn=true\:5\:0\:true\:false\:true\:true\:true
Dma.USART2_RX.7.Instance=DMA1_Stream5
Dma.ADC2.1.PeriphDataAlignment=DMA_PDATAALIGN_HALFWORD
Dma.SPI4_RX.5.Instance=DMA2_Stream3
ProjectManager.CustomerFirmwarePackage=
PC4.GPIOParameters=GPIO_Label
Dma.SPI4_RX.5.FIFOMode=DMA_FIFOMODE_DISABLE
PF4.GPIOParameters=GPIO_Label
CAN1.CalculateTimeQuantum=200.0
NVIC.QUADSPI_IRQn=true\:5\:0\:true\:false\:true\:true\:true
Dma.ADC1.0.Instance=DMA2_Stream4
ADC1.Rank-0\#ChannelRegularConversion=1
PD9.GPIO_Label=EXT_UART_RX
PA15.GPIOParameters=GPIO_Label
Dma.Request9=QUADSPI
ADC1.IPParameters=Rank-0\#ChannelRegularConversion,master,Channel-0\#ChannelRegularConversion,SamplingTime-0\#ChannelRegularConversion,NbrOfConversionFlag,ClockPrescaler,ScanConvMode,ContinuousConvMode,DMAContinuousRequests,NbrOfConversion,InjNumberOfConversion,Rank-1\#ChannelRegularConversion,Channel-1\#ChannelRegularConversion,SamplingTime-1\#ChannelRegularConversion,Rank-2\#ChannelRegularConversion,Channel-2\#ChannelRegularConversion,SamplingTime-2\#ChannelRegularConversion,DiscontinuousConvMode,EOCSelection,Rank-14\#ChannelRegularConversion,Channel-14\#ChannelRegularConversion,SamplingTime-14\#ChannelRegularConversion,ExternalTrigConv,Rank-15\#ChannelRegularConversion,Channel-15\#ChannelRegularConversion,SamplingTime-15\#ChannelRegularConversion,Rank-16\#ChannelRegularConversion,Channel-16\#ChannelRegularConversion,SamplingTime-16\#ChannelRegularConversion
PG9.Locked=true
Dma.SPI2_TX.4.Priority=DMA_PRIORITY_LOW
ADC2.Rank-3\#ChannelRegularConversion=3
PG9.Signal=USART6_RX
PA9.GPIO_Label=SERVO3
PE10.Mode=Single Bank 2
PC6.Signal=S_TIM3_CH1
PB11.GPIO_Label=ADS_START
PD13.GPIOParameters=GPIO_Label
PD1.Signal=CAN1_TX
PF14.GPIO_Label=RELAY4
NVIC.DMA2_Stream1_IRQn=true\:5\:0\:true\:false\:true\:false\:true
UART5.VirtualMode=Asynchronous
PC0.Signal=ADCx_IN10
RCC.APB1CLKDivider=RCC_HCLK_DIV4
PF13.GPIO_Label=RELAY5
PG13.GPIO_Label=RS485_DE
QUADSPI.IPParameters=ClockPrescaler,FlashSize
SH.S_TIM8_CH2.0=TIM8_CH2,PWM Generation2 CH2
PA0-WKUP.GPIO_Label=SERVO1_CURRENT
PA0-WKUP.Signal=ADCx_IN0
Dma.QUADSPI.9.Priority=DMA_PRIORITY_LOW
Dma.USART2_RX.7.PeriphInc=DMA_PINC_DISABLE
PE8.Mode=Single Bank 2
TIM3.Channel-PWM\ Generation3\ CH3=TIM_CHANNEL_3
PC15-OSC32_OUT.Locked=true
ADC2.ContinuousConvMode=ENABLE
SH.ADCx_IN7.0=ADC2_IN7,IN7
VP_CRC_VS_CRC.Signal=CRC_VS_CRC
ADC2.IPParameters=Rank-1\#ChannelRegularConversion,Channel-1\#ChannelRegularConversion,SamplingTime-1\#ChannelRegularConversion,NbrOfConversionFlag,ClockPrescaler,ContinuousConvMode,DMAContinuousRequests,ScanConvMode,Rank-2\#ChannelRegularConversion,Channel-2\#ChannelRegularConversion,SamplingTime-2\#ChannelRegularConversion,Rank-3\#ChannelRegularConversion,Channel-3\#ChannelRegularConversion,SamplingTime-3\#ChannelRegularConversion,Rank-4\#ChannelRegularConversion,Channel-4\#ChannelRegularConversion,SamplingTime-4\#ChannelRegularConversion,Rank-5\#ChannelRegularConversion,Channel-5\#ChannelRegularConversion,SamplingTime-5\#ChannelRegularConversion,Rank-6\#ChannelRegularConversion,Channel-6\#ChannelRegularConversion,SamplingTime-6\#ChannelRegularConversion,NbrOfConversion,EOCSelection
PC6.Locked=true
PA9.Signal=S_TIM1_CH2
PB5.Locked=true
Dma.ADC3.2.PeriphDataAlignment=DMA_PDATAALIGN_HALFWORD
ADC3.NbrOfConversion=6
RCC.USBCLockSelection=RCC_CLK48CLKSOURCE_PLLSAIP
Dma.ADC3.2.Mode=DMA_CIRCULAR
ProjectManager.LastFirmware=true
ADC1.SamplingTime-14\#ChannelRegularConversion=ADC_SAMPLETIME_480CYCLES
Dma.USART2_TX.8.Direction=DMA_MEMORY_TO_PERIPH
PF2.GPIOParameters=GPIO_Label
Dma.SPI2_TX.4.RequestParameters=Instance,Direction,PeriphInc,MemInc,PeriphDataAlignment,MemDataAlignment,Mode,Priority,FIFOMode
Dma.USART2_TX.8.RequestParameters=Instance,Direction,PeriphInc,MemInc,PeriphDataAlignment,MemDataAlignment,Mode,Priority,FIFOMode
PE15.Signal=GPIO_Output
PE8.Signal=QUADSPI_BK2_IO1
Dma.SPI2_TX.4.MemDataAlignment=DMA_MDATAALIGN_BYTE
PC2.GPIOParameters=GPIO_Label
Dma.USART2_RX.7.MemDataAlignment=DMA_MDATAALIGN_BYTE
PF11.Locked=true
PF12.Locked=true
TIM3.IPParameters=Channel-PWM Generation4 CH4,Channel-PWM Generation3 CH3,Channel-PWM Generation1 CH1,Channel-PWM Generation2 CH2
PA9.Locked=true
ADC1.DMAContinuousRequests=ENABLE
ADC3.Rank-5\#ChannelRegularConversion=5
PE7.Locked=true
PA13.Mode=Serial_Wire
PG14.GPIO_Label=SERVOS_TX
ProjectManager.FreePins=false
ADC3.Channel-1\#ChannelRegularConversion=ADC_CHANNEL_1
ProjectManager.UnderRoot=true
PE13.Locked=true
PA4.Signal=ADCx_IN4
ADC1.SamplingTime-1\#ChannelRegularConversion=ADC_SAMPLETIME_480CYCLES
PB5.Signal=S_TIM3_CH2
Dma.ADC2.1.Direction=DMA_PERIPH_TO_MEMORY
PD11.Signal=GPIO_Output
USART1.VirtualMode=VM_ASYNC
ProjectManager.CompilerOptimize=6
ADC1.Rank-1\#ChannelRegularConversion=2
PF8.Locked=true
SH.S_TIM3_CH1.ConfNb=1
ProjectManager.ComputerToolchain=false
PF9.Signal=S_TIM14_CH1
NVIC.TIM8_UP_TIM13_IRQn=true\:0\:0\:true\:false\:true\:true\:true
SH.ADCx_IN5.0=ADC2_IN5,IN5
TIM3.Channel-PWM\ Generation2\ CH2=TIM_CHANNEL_2
PC3.GPIO_Label=SERVOS1_VOLTAGE
PF3.Locked=true
ADC2.Channel-6\#ChannelRegularConversion=ADC_CHANNEL_15
PG3.GPIO_Label=COM_GREEN
PD1.Locked=true
PB0.Signal=GPIO_Output
PA7.GPIOParameters=GPIO_Label
PC0.Locked=true
PB12.GPIOParameters=GPIO_Label
PC1.Signal=ADCx_IN11
PG7.GPIOParameters=GPIO_Label
PD2.GPIO_Label=STLINK_RX
NVIC.CAN1_RX0_IRQn=true\:5\:0\:true\:false\:true\:true\:true
NVIC.USART3_IRQn=true\:5\:0\:true\:false\:true\:true\:true
Dma.SPI2_TX.4.MemInc=DMA_MINC_ENABLE
RCC.CortexFreq_Value=180000000
PG6.Signal=GPIO_Output
Mcu.UserName=STM32F446ZETx
PD9.GPIOParameters=GPIO_Label
Dma.QUADSPI.9.MemInc=DMA_MINC_ENABLE
ADC3.SamplingTime-7\#ChannelRegularConversion=ADC_SAMPLETIME_480CYCLES
SH.ADCx_IN2.0=ADC3_IN2,IN2
PG6.Locked=true
Dma.USART2_RX.7.Direction=DMA_PERIPH_TO_MEMORY
SPI4.Direction=SPI_DIRECTION_2LINES
ProjectManager.functionlistsort=1-MX_GPIO_Init-GPIO-false-HAL-true,2-SystemClock_Config-RCC-true-HAL-false,3-MX_ADC1_Init-ADC1-true-HAL-true,4-MX_ADC2_Init-ADC2-true-HAL-true,5-MX_ADC3_Init-ADC3-true-HAL-true,6-MX_CAN1_Init-CAN1-true-HAL-true,7-MX_TIM3_Init-TIM3-true-HAL-true,8-MX_UART5_Init-UART5-false-HAL-true,9-MX_USART2_UART_Init-USART2-true-HAL-true,10-MX_USART6_UART_Init-USART6-false-HAL-true,11-MX_DMA_Init-DMA-false-HAL-true,12-MX_TIM8_Init-TIM8-true-HAL-true,13-MX_SPI2_Init-SPI2-false-HAL-true,14-MX_SPI4_Init-SPI4-false-HAL-true,15-MX_TIM1_Init-TIM1-true-HAL-true,16-MX_CRC_Init-CRC-true-HAL-true,17-MX_USART1_UART_Init-USART1-false-HAL-true,18-MX_USART3_UART_Init-USART3-false-HAL-true,19-MX_QUADSPI_Init-QUADSPI-true-HAL-true,20-MX_TIM14_Init-TIM14-false-HAL-true
PC9.Locked=true
PB0.GPIO_Label=RELAY9
RCC.PLLI2SRCLKFreq_Value=48000000
Dma.SPI2_TX.4.Mode=DMA_NORMAL
PB11.Signal=GPIO_Output
NVIC.DMA1_Stream4_IRQn=true\:5\:0\:true\:false\:true\:false\:true
ProjectManager.StackSize=0x400
NVIC.UART5_IRQn=true\:5\:0\:true\:false\:true\:true\:true
ADC3.SamplingTime-4\#ChannelRegularConversion=ADC_SAMPLETIME_480CYCLES
NVIC.ADC_IRQn=true\:5\:0\:true\:false\:true\:true\:true
Mcu.UserConstants=
SPI4.Mode=SPI_MODE_MASTER
ADC2.DMAContinuousRequests=ENABLE
PC1.GPIOParameters=GPIO_Label
PF5.Locked=true
Mcu.ThirdPartyNb=0
PD11.GPIO_Label=XBEE_TX_LED
Dma.SPI4_TX.6.MemDataAlignment=DMA_MDATAALIGN_BYTE
RCC.HCLKFreq_Value=180000000
Mcu.IPNb=21
RCC.SPDIFRXFreq_Value=180000000
PF11.GPIO_Label=RELAY7
SH.ADCx_IN3.ConfNb=1
PF12.Signal=GPIO_Output
PD8.GPIOParameters=GPIO_Label
Mcu.Pin6=PF4
Mcu.Pin7=PF5
NVIC.DMA2_Stream0_IRQn=true\:5\:0\:true\:false\:true\:false\:true
Mcu.Pin8=PF7
Mcu.Pin9=PF8
NVIC.CAN1_SCE_IRQn=true\:5\:0\:true\:false\:true\:true\:true
RCC.VCOSAIOutputFreq_Value=192000000
Dma.SPI2_RX.3.Priority=DMA_PRIORITY_LOW
RCC.AHBFreq_Value=180000000
SPI2.BaudRatePrescaler=SPI_BAUDRATEPRESCALER_2
PH0-OSC_IN.Mode=HSE-External-Oscillator
Mcu.Pin0=PC14-OSC32_IN
Mcu.Pin1=PC15-OSC32_OUT
Mcu.Pin2=PF0
Mcu.Pin3=PF1
Mcu.Pin4=PF2
PD10.GPIOParameters=GPIO_Label
Mcu.Pin5=PF3
ADC3.SamplingTime-1\#ChannelRegularConversion=ADC_SAMPLETIME_480CYCLES
ADC1.Rank-2\#ChannelRegularConversion=3
PE13.Signal=SPI4_MISO
PF7.GPIO_Label=ENABLE4
Dma.SPI2_RX.3.PeriphDataAlignment=DMA_PDATAALIGN_BYTE
File.Version=6
PA10.GPIO_Label=SERVO2
SH.ADCx_IN13.ConfNb=1
PB8.Locked=true
NVIC.SPI2_IRQn=true\:5\:0\:true\:false\:true\:true\:true
SH.ADCx_IN0.0=ADC1_IN0,IN0
SH.ADCx_IN6.ConfNb=1
Dma.RequestsNb=10
ProjectManager.ProjectName=Kromek
Dma.ADC2.1.RequestParameters=Instance,Direction,PeriphInc,MemInc,PeriphDataAlignment,MemDataAlignment,Mode,Priority,FIFOMode
NVIC.DMA2_Stream7_IRQn=true\:5\:0\:true\:false\:true\:false\:true
PA7.Locked=true
USART2.VirtualMode=VM_ASYNC
PA2.GPIO_Label=SERVO3_CURRENT
PD14.Locked=true
PF5.GPIO_Label=ENABLE3
TIM8.Channel-PWM\ Generation2\ CH2=TIM_CHANNEL_2
ADC3.ClockPrescaler=ADC_CLOCK_SYNC_PCLK_DIV8
RCC.PLLSAIN=96
PF5.Signal=GPIO_Output
RCC.PLLSAIM=4
RCC.PLLSAIP=RCC_PLLSAIP_DIV4
Dma.SPI2_RX.3.Mode=DMA_NORMAL
ADC2.SamplingTime-2\#ChannelRegularConversion=ADC_SAMPLETIME_480CYCLES
PC4.Locked=true
Dma.SPI2_RX.3.PeriphInc=DMA_PINC_DISABLE
Dma.SPI4_RX.5.PeriphDataAlignment=DMA_PDATAALIGN_BYTE
Dma.SPI4_TX.6.Priority=DMA_PRIORITY_LOW
SPI2.Direction=SPI_DIRECTION_2LINES
PF0.Signal=GPIO_Input
RCC.SAIBFreq_Value=96000000
PC2.GPIO_Label=RELAYS_VOLTAGE
ADC2.Channel-3\#ChannelRegularConversion=ADC_CHANNEL_6
PB3.Locked=true
PA2.Locked=true
ADC3.Channel-7\#ChannelRegularConversion=ADC_CHANNEL_14
ADC2.ClockPrescaler=ADC_CLOCK_SYNC_PCLK_DIV8
RCC.PLLSourceVirtual=RCC_PLLSOURCE_HSE
PC15-OSC32_OUT.Mode=LSE-External-Oscillator
PF3.Mode=IN9
ProjectManager.NoMain=false
ADC1.SamplingTime-16\#ChannelRegularConversion=ADC_SAMPLETIME_480CYCLES
PG3.Signal=GPIO_Output
USART6.IPParameters=VirtualMode
PG1.Signal=GPIO_Output
Dma.USART2_TX.8.MemInc=DMA_MINC_ENABLE
PG1.Locked=true
RCC.VCOI2SInputFreq_Value=500000
PC4.Signal=ADCx_IN14
ADC1.DiscontinuousConvMode=DISABLE
Dma.SPI2_RX.3.MemDataAlignment=DMA_MDATAALIGN_BYTE
PD5.Signal=USART2_TX
ADC3.Rank-3\#ChannelRegularConversion=3
NVIC.USART2_IRQn=true\:5\:0\:true\:false\:true\:true\:true
ADC1.SamplingTime-2\#ChannelRegularConversion=ADC_SAMPLETIME_480CYCLES
PA0-WKUP.Locked=true
NVIC.USART6_IRQn=true\:5\:0\:true\:false\:true\:true\:true
PD12.Locked=true
PC8.GPIO_Label=SERVO6
PC12.GPIOParameters=GPIO_Label
SH.ADCx_IN12.0=ADC1_IN12,IN12
PE15.GPIO_Label=FLASH_RESET
Dma.SPI2_TX.4.Instance=DMA1_Stream4
PD12.GPIOParameters=GPIO_Label
ProjectManager.TargetToolchain=SW4STM32
ADC3.Channel-4\#ChannelRegularConversion=ADC_CHANNEL_9
NVIC.DMA1_Stream5_IRQn=true\:5\:0\:true\:false\:true\:false\:true
SH.S_TIM3_CH3.ConfNb=1
Dma.ADC1.0.Mode=DMA_CIRCULAR
PF15.Locked=true
ADC1.Channel-1\#ChannelRegularConversion=ADC_CHANNEL_10
PF2.Signal=GPIO_Output
PC2.Locked=true
ProjectManager.RegisterCallBack=
PF5.GPIOParameters=GPIO_Label
SH.S_TIM14_CH1.ConfNb=1
NVIC.DMA2_Stream3_IRQn=true\:5\:0\:true\:false\:true\:false\:true
RCC.PLLSAIoutputFreq_Value=48000000
Dma.ADC2.1.Mode=DMA_CIRCULAR
PC15-OSC32_OUT.Signal=RCC_OSC32_OUT
PD3.Locked=true
Dma.SPI2_TX.4.FIFOMode=DMA_FIFOMODE_DISABLE
PB1.Locked=true
SH.S_TIM1_CH2.ConfNb=1
PG9.GPIO_Label=SERVOS_RX
PG14.Signal=USART6_TX
SH.S_TIM3_CH2.0=TIM3_CH2,PWM Generation2 CH2
PG1.GPIO_Label=RELAY1
Dma.SPI2_RX.3.Instance=DMA1_Stream3
PD11.GPIOParameters=GPIO_Label
Dma.ADC1.0.RequestParameters=Instance,Direction,PeriphInc,MemInc,PeriphDataAlignment,MemDataAlignment,Mode,Priority,FIFOMode
VP_SYS_VS_tim13.Signal=SYS_VS_tim13
RCC.APB2Freq_Value=90000000
ADC2.Rank-5\#ChannelRegularConversion=5
PG4.GPIOParameters=GPIO_Label
SH.S_TIM1_CH2.0=TIM1_CH2,PWM Generation2 CH2
PD4.GPIO_Label=AC_RELAY1
PF10.Signal=GPIO_Output
PE14.Mode=Full_Duplex_Master
SH.ADCx_IN10.ConfNb=1
VP_ADC1_Vref_Input.Signal=ADC1_Vref_Input
PH1-OSC_OUT.Signal=RCC_OSC_OUT
SH.ADCx_IN15.ConfNb=1
Dma.ADC3.2.MemInc=DMA_MINC_ENABLE
ADC1.Channel-16\#ChannelRegularConversion=ADC_CHANNEL_TEMPSENSOR
PF15.Signal=GPIO_Output
SPI4.CalculateBaudRate=45.0 MBits/s
PD14.GPIO_Label=ADC_GREEN
PA4.GPIOParameters=GPIO_Label
PF0.Locked=true
Mcu.Name=STM32F446Z(C-E)Tx
PD0.Mode=Master
PA2.Signal=ADCx_IN2
PD14.Signal=GPIO_Output
PB3.Signal=I2C2_SDA
PE7.Mode=Single Bank 2
PA7.GPIO_Label=SERVO7_CURRENT
PC5.GPIO_Label=SERVO8_CURRENT
PB7.Mode=Asynchronous
PA14.Signal=SYS_JTCK-SWCLK
SH.ADCx_IN10.0=ADC1_IN10,IN10
ADC1.NbrOfConversionFlag=1
Dma.ADC2.1.MemDataAlignment=DMA_MDATAALIGN_HALFWORD
PB8.Signal=I2C1_SCL
Dma.ADC2.1.Priority=DMA_PRIORITY_LOW
PC9.Signal=S_TIM3_CH4
RCC.APB1Freq_Value=45000000
Dma.USART2_RX.7.RequestParameters=Instance,Direction,PeriphInc,MemInc,PeriphDataAlignment,MemDataAlignment,Mode,Priority,FIFOMode
ADC1.ClockPrescaler=ADC_CLOCK_SYNC_PCLK_DIV8
PB11.Locked=true
ProjectManager.DeviceId=STM32F446ZETx
ProjectManager.LibraryCopy=1
SH.S_TIM3_CH4.0=TIM3_CH4,PWM Generation4 CH4
PB1.GPIOParameters=GPIO_Label
PA7.Signal=ADCx_IN7
Dma.SPI2_RX.3.FIFOMode=DMA_FIFOMODE_DISABLE
PF2.GPIO_Label=SERVOS_TRIGGER
